// !$*UTF8*$!
{
	archiveVersion = 1;
	classes = {
	};
	objectVersion = 46;
	objects = {

/* Begin PBXBuildFile section */
		4409B01015AFBF76009F9DCE /* MDForegroundViewController.m in Sources */ = {isa = PBXBuildFile; fileRef = 4409B00F15AFBF76009F9DCE /* MDForegroundViewController.m */; };
		4409B03615B01B80009F9DCE /* TabbarFile.png in Resources */ = {isa = PBXBuildFile; fileRef = 4409B03415B01B80009F9DCE /* TabbarFile.png */; };
		4409B03715B01B80009F9DCE /* TabbarFile@2x.png in Resources */ = {isa = PBXBuildFile; fileRef = 4409B03515B01B80009F9DCE /* TabbarFile@2x.png */; };
		4409B03B15B01F9F009F9DCE /* ImagePlaceholder.png in Resources */ = {isa = PBXBuildFile; fileRef = 4409B03915B01F9F009F9DCE /* ImagePlaceholder.png */; };
		4409B03C15B01F9F009F9DCE /* ImagePlaceholder@2x.png in Resources */ = {isa = PBXBuildFile; fileRef = 4409B03A15B01F9F009F9DCE /* ImagePlaceholder@2x.png */; };
		4409B06015B03E99009F9DCE /* IsSelected.png in Resources */ = {isa = PBXBuildFile; fileRef = 4409B05C15B03E99009F9DCE /* IsSelected.png */; };
		4409B06115B03E99009F9DCE /* IsSelected@2x.png in Resources */ = {isa = PBXBuildFile; fileRef = 4409B05D15B03E99009F9DCE /* IsSelected@2x.png */; };
		4409B06215B03E99009F9DCE /* NotSelected.png in Resources */ = {isa = PBXBuildFile; fileRef = 4409B05E15B03E99009F9DCE /* NotSelected.png */; };
		4409B06315B03E99009F9DCE /* NotSelected@2x.png in Resources */ = {isa = PBXBuildFile; fileRef = 4409B05F15B03E99009F9DCE /* NotSelected@2x.png */; };
		4416081D15A29E6900770FF5 /* ioapi.c in Sources */ = {isa = PBXBuildFile; fileRef = 4416081315A29E6900770FF5 /* ioapi.c */; };
		4416081E15A29E6900770FF5 /* mztools.c in Sources */ = {isa = PBXBuildFile; fileRef = 4416081515A29E6900770FF5 /* mztools.c */; };
		4416081F15A29E6900770FF5 /* unzip.c in Sources */ = {isa = PBXBuildFile; fileRef = 4416081715A29E6900770FF5 /* unzip.c */; };
		4416082015A29E6900770FF5 /* zip.c in Sources */ = {isa = PBXBuildFile; fileRef = 4416081915A29E6900770FF5 /* zip.c */; };
		4416082115A29E6900770FF5 /* SSZipArchive.m in Sources */ = {isa = PBXBuildFile; fileRef = 4416081C15A29E6900770FF5 /* SSZipArchive.m */; };
		4416082315A29E9000770FF5 /* libz.dylib in Frameworks */ = {isa = PBXBuildFile; fileRef = 4416082215A29E9000770FF5 /* libz.dylib */; };
		4416082B15A29F9A00770FF5 /* MDUnarchiveViewController.m in Sources */ = {isa = PBXBuildFile; fileRef = 4416082A15A29F9A00770FF5 /* MDUnarchiveViewController.m */; };
		4416082E15A29FDD00770FF5 /* MDUnarchiveNavigationController.m in Sources */ = {isa = PBXBuildFile; fileRef = 4416082D15A29FDD00770FF5 /* MDUnarchiveNavigationController.m */; };
		4416083915A32B0600770FF5 /* MDProgressViewController.m in Sources */ = {isa = PBXBuildFile; fileRef = 4416083815A32B0600770FF5 /* MDProgressViewController.m */; };
		441AB991159C646B00BAAA19 /* MDScrollView.m in Sources */ = {isa = PBXBuildFile; fileRef = 441AB990159C646B00BAAA19 /* MDScrollView.m */; };
		441AB99D159C75B600BAAA19 /* MDAVPlayerController.m in Sources */ = {isa = PBXBuildFile; fileRef = 441AB99C159C75B600BAAA19 /* MDAVPlayerController.m */; };
		441AB99F159C766C00BAAA19 /* MediaPlayer.framework in Frameworks */ = {isa = PBXBuildFile; fileRef = 441AB99E159C766C00BAAA19 /* MediaPlayer.framework */; };
		441B4F2115C01BB400801A8D /* MDAction.m in Sources */ = {isa = PBXBuildFile; fileRef = 441B4F1615C01BB400801A8D /* MDAction.m */; };
		441B4F2215C01BB400801A8D /* MDAddFolderAlertView.m in Sources */ = {isa = PBXBuildFile; fileRef = 441B4F1815C01BB400801A8D /* MDAddFolderAlertView.m */; };
		441B4F2315C01BB400801A8D /* MDConfirmDeleteAlertView.m in Sources */ = {isa = PBXBuildFile; fileRef = 441B4F1A15C01BB400801A8D /* MDConfirmDeleteAlertView.m */; };
		441B4F2415C01BB400801A8D /* MDNonSelectedActionSheet.m in Sources */ = {isa = PBXBuildFile; fileRef = 441B4F1C15C01BB400801A8D /* MDNonSelectedActionSheet.m */; };
		441B4F2515C01BB400801A8D /* MDRenameAlertView.m in Sources */ = {isa = PBXBuildFile; fileRef = 441B4F1E15C01BB400801A8D /* MDRenameAlertView.m */; };
		441B4F2615C01BB400801A8D /* MDSelectedActionSheet.m in Sources */ = {isa = PBXBuildFile; fileRef = 441B4F2015C01BB400801A8D /* MDSelectedActionSheet.m */; };
		4424E2C115A137A300A430D4 /* MDTimelineView.m in Sources */ = {isa = PBXBuildFile; fileRef = 4424E2C015A137A300A430D4 /* MDTimelineView.m */; };
		44296A9615C0FEFB004380DD /* Icon-72.png in Resources */ = {isa = PBXBuildFile; fileRef = 44296A8F15C0FEFB004380DD /* Icon-72.png */; };
		44296A9715C0FEFB004380DD /* Icon-Small-50.png in Resources */ = {isa = PBXBuildFile; fileRef = 44296A9015C0FEFB004380DD /* Icon-Small-50.png */; };
		44296A9815C0FEFB004380DD /* Icon-Small.png in Resources */ = {isa = PBXBuildFile; fileRef = 44296A9115C0FEFB004380DD /* Icon-Small.png */; };
		44296A9915C0FEFB004380DD /* Icon-Small@2x.png in Resources */ = {isa = PBXBuildFile; fileRef = 44296A9215C0FEFB004380DD /* Icon-Small@2x.png */; };
		44296A9A15C0FEFB004380DD /* Icon.png in Resources */ = {isa = PBXBuildFile; fileRef = 44296A9315C0FEFB004380DD /* Icon.png */; };
		44296A9B15C0FEFB004380DD /* Icon@2x.png in Resources */ = {isa = PBXBuildFile; fileRef = 44296A9415C0FEFB004380DD /* Icon@2x.png */; };
		44296A9C15C0FEFB004380DD /* iTunesArtwork in Resources */ = {isa = PBXBuildFile; fileRef = 44296A9515C0FEFB004380DD /* iTunesArtwork */; };
		442CF31915D34C550056FB61 /* MDLicenseAgreementViewController.m in Sources */ = {isa = PBXBuildFile; fileRef = 442CF31815D34C550056FB61 /* MDLicenseAgreementViewController.m */; };
		4430AA0D15B3B836008E6D2F /* MusicCover.png in Resources */ = {isa = PBXBuildFile; fileRef = 4430AA0B15B3B836008E6D2F /* MusicCover.png */; };
		4430AA0E15B3B836008E6D2F /* MusicCover@2x.png in Resources */ = {isa = PBXBuildFile; fileRef = 4430AA0C15B3B836008E6D2F /* MusicCover@2x.png */; };
		44354DFE15A572FB00BFE4E4 /* MDPasscodeViewController.m in Sources */ = {isa = PBXBuildFile; fileRef = 44354DFD15A572FB00BFE4E4 /* MDPasscodeViewController.m */; };
		4437A95015B6552B0073E9C4 /* Default.png in Resources */ = {isa = PBXBuildFile; fileRef = 4437A94E15B6552B0073E9C4 /* Default.png */; };
		4437A95115B6552B0073E9C4 /* Default@2x.png in Resources */ = {isa = PBXBuildFile; fileRef = 4437A94F15B6552B0073E9C4 /* Default@2x.png */; };
		4437BB70159EA2D100F3C8E7 /* dummy.mp3 in Resources */ = {isa = PBXBuildFile; fileRef = 4437BB6F159EA2D100F3C8E7 /* dummy.mp3 */; };
		4438B40215A3E0F400248C72 /* MDProgressGradientView.m in Sources */ = {isa = PBXBuildFile; fileRef = 4438B40115A3E0F400248C72 /* MDProgressGradientView.m */; };
		4438B41115A4411D00248C72 /* CoreMedia.framework in Frameworks */ = {isa = PBXBuildFile; fileRef = 4438B41015A4411D00248C72 /* CoreMedia.framework */; };
		4439E1FA15B6C5F400EE8C05 /* MusicThumbHeightlight@2x.png in Resources */ = {isa = PBXBuildFile; fileRef = 4439E1F915B6C5F400EE8C05 /* MusicThumbHeightlight@2x.png */; };
		4439E1FC15B6C60200EE8C05 /* MusicThumbHeightlight.png in Resources */ = {isa = PBXBuildFile; fileRef = 4439E1FB15B6C60200EE8C05 /* MusicThumbHeightlight.png */; };
		4439E1FE15B6C61200EE8C05 /* VideoThumbHeightlight@2x.png in Resources */ = {isa = PBXBuildFile; fileRef = 4439E1FD15B6C61200EE8C05 /* VideoThumbHeightlight@2x.png */; };
		4439E20015B6C61C00EE8C05 /* VideoThumbHeightlight.png in Resources */ = {isa = PBXBuildFile; fileRef = 4439E1FF15B6C61C00EE8C05 /* VideoThumbHeightlight.png */; };
		443A5DB115B511F8000ADB4A /* DocumentIcon.png in Resources */ = {isa = PBXBuildFile; fileRef = 443A5D9E15B511F8000ADB4A /* DocumentIcon.png */; };
		443A5DB215B511F8000ADB4A /* DocumentIcon@2x.png in Resources */ = {isa = PBXBuildFile; fileRef = 443A5D9F15B511F8000ADB4A /* DocumentIcon@2x.png */; };
		443A5DB315B511F8000ADB4A /* FolderIcon.png in Resources */ = {isa = PBXBuildFile; fileRef = 443A5DA115B511F8000ADB4A /* FolderIcon.png */; };
		443A5DB415B511F8000ADB4A /* FolderIcon@2x.png in Resources */ = {isa = PBXBuildFile; fileRef = 443A5DA215B511F8000ADB4A /* FolderIcon@2x.png */; };
		443A5DB515B511F8000ADB4A /* ImageIcon.png in Resources */ = {isa = PBXBuildFile; fileRef = 443A5DA415B511F8000ADB4A /* ImageIcon.png */; };
		443A5DB615B511F8000ADB4A /* ImageIcon@2x.png in Resources */ = {isa = PBXBuildFile; fileRef = 443A5DA515B511F8000ADB4A /* ImageIcon@2x.png */; };
		443A5DB715B511F8000ADB4A /* TextDocumentIcon.png in Resources */ = {isa = PBXBuildFile; fileRef = 443A5DA715B511F8000ADB4A /* TextDocumentIcon.png */; };
		443A5DB815B511F8000ADB4A /* TextDocumentIcon@2x.png in Resources */ = {isa = PBXBuildFile; fileRef = 443A5DA815B511F8000ADB4A /* TextDocumentIcon@2x.png */; };
		443A5DB915B511F8000ADB4A /* UnknowIcon.png in Resources */ = {isa = PBXBuildFile; fileRef = 443A5DAA15B511F8000ADB4A /* UnknowIcon.png */; };
		443A5DBA15B511F8000ADB4A /* UnknowIcon@2x.png in Resources */ = {isa = PBXBuildFile; fileRef = 443A5DAB15B511F8000ADB4A /* UnknowIcon@2x.png */; };
		443A5DBB15B511F8000ADB4A /* FilmIcon.png in Resources */ = {isa = PBXBuildFile; fileRef = 443A5DAD15B511F8000ADB4A /* FilmIcon.png */; };
		443A5DBC15B511F8000ADB4A /* FilmIcon@2x.png in Resources */ = {isa = PBXBuildFile; fileRef = 443A5DAE15B511F8000ADB4A /* FilmIcon@2x.png */; };
		443ACE081592F395008B4DF2 /* MDFilesNavigationController.m in Sources */ = {isa = PBXBuildFile; fileRef = 443ACE071592F395008B4DF2 /* MDFilesNavigationController.m */; };
		443ACE0B1592F52E008B4DF2 /* MDFilesViewController.m in Sources */ = {isa = PBXBuildFile; fileRef = 443ACE0A1592F52E008B4DF2 /* MDFilesViewController.m */; };
		443ACE0E1593018D008B4DF2 /* MDFiles.m in Sources */ = {isa = PBXBuildFile; fileRef = 443ACE0D1593018D008B4DF2 /* MDFiles.m */; };
		443D004C159410CD008CCCBE /* MDFilesTableViewCell.m in Sources */ = {isa = PBXBuildFile; fileRef = 443D004B159410CD008CCCBE /* MDFilesTableViewCell.m */; };
		443EE91515B546F6008801F3 /* PasscodePattern@2x.png in Resources */ = {isa = PBXBuildFile; fileRef = 443EE91415B546F6008801F3 /* PasscodePattern@2x.png */; };
		443EE91715B54701008801F3 /* PasscodePattern.png in Resources */ = {isa = PBXBuildFile; fileRef = 443EE91615B54701008801F3 /* PasscodePattern.png */; };
		443EE91915B5477B008801F3 /* DigitalBackground.png in Resources */ = {isa = PBXBuildFile; fileRef = 443EE91815B5477B008801F3 /* DigitalBackground.png */; };
		443EE91B15B54785008801F3 /* DigitalBackground@2x.png in Resources */ = {isa = PBXBuildFile; fileRef = 443EE91A15B54785008801F3 /* DigitalBackground@2x.png */; };
		4440BB621591A9740073BBAA /* MDSettingsViewController.m in Sources */ = {isa = PBXBuildFile; fileRef = 4440BB611591A9740073BBAA /* MDSettingsViewController.m */; };
		4440BB721591B8360073BBAA /* IPResolver.m in Sources */ = {isa = PBXBuildFile; fileRef = 4440BB711591B8360073BBAA /* IPResolver.m */; };
		44421C2815A67980002B0F60 /* MDChangePasscodeController.m in Sources */ = {isa = PBXBuildFile; fileRef = 44421C2715A67980002B0F60 /* MDChangePasscodeController.m */; };
		44489AB315AA653000FA055D /* TableCellGradient.png in Resources */ = {isa = PBXBuildFile; fileRef = 44489AB215AA653000FA055D /* TableCellGradient.png */; };
		444904E715BFB71C0088B947 /* MDDeletingViewController.m in Sources */ = {isa = PBXBuildFile; fileRef = 444904E615BFB71C0088B947 /* MDDeletingViewController.m */; };
		444FF9D4159AA0770033BB3B /* MobileDiskInfo.plist in Resources */ = {isa = PBXBuildFile; fileRef = 444FF9D3159AA0770033BB3B /* MobileDiskInfo.plist */; };
		444FF9D6159AB6120033BB3B /* MobileCoreServices.framework in Frameworks */ = {isa = PBXBuildFile; fileRef = 444FF9D5159AB6120033BB3B /* MobileCoreServices.framework */; };
		444FF9DA159AD45F0033BB3B /* MDFileSupporter.m in Sources */ = {isa = PBXBuildFile; fileRef = 444FF9D9159AD45F0033BB3B /* MDFileSupporter.m */; };
		444FF9E3159B2BF70033BB3B /* MDDocumentViewController.m in Sources */ = {isa = PBXBuildFile; fileRef = 444FF9E2159B2BF70033BB3B /* MDDocumentViewController.m */; };
		44538AFE159D4D4200CE7730 /* MDMusicPlayerController.m in Sources */ = {isa = PBXBuildFile; fileRef = 44538AFD159D4D4200CE7730 /* MDMusicPlayerController.m */; };
		44538B00159D4D6200CE7730 /* AVFoundation.framework in Frameworks */ = {isa = PBXBuildFile; fileRef = 44538AFF159D4D6200CE7730 /* AVFoundation.framework */; };
		445D13ED1599391300B7D777 /* MDMoveFilesViewController.m in Sources */ = {isa = PBXBuildFile; fileRef = 445D13EC1599391300B7D777 /* MDMoveFilesViewController.m */; };
		445D13F115993AAB00B7D777 /* MDMoveFilesNavigationController.m in Sources */ = {isa = PBXBuildFile; fileRef = 445D13F015993AAB00B7D777 /* MDMoveFilesNavigationController.m */; };
		447CD7EC159C04AE00464D28 /* MDImageViewerController.m in Sources */ = {isa = PBXBuildFile; fileRef = 447CD7EB159C04AE00464D28 /* MDImageViewerController.m */; };
		447CD7EF159C37A700464D28 /* UIImage+Resize.m in Sources */ = {isa = PBXBuildFile; fileRef = 447CD7EE159C37A700464D28 /* UIImage+Resize.m */; };
		4494309C158EB4C000ADAE89 /* UIKit.framework in Frameworks */ = {isa = PBXBuildFile; fileRef = 4494309B158EB4C000ADAE89 /* UIKit.framework */; };
		4494309E158EB4C000ADAE89 /* Foundation.framework in Frameworks */ = {isa = PBXBuildFile; fileRef = 4494309D158EB4C000ADAE89 /* Foundation.framework */; };
		449430A0158EB4C000ADAE89 /* CoreGraphics.framework in Frameworks */ = {isa = PBXBuildFile; fileRef = 4494309F158EB4C000ADAE89 /* CoreGraphics.framework */; };
		449430A6158EB4C000ADAE89 /* InfoPlist.strings in Resources */ = {isa = PBXBuildFile; fileRef = 449430A4158EB4C000ADAE89 /* InfoPlist.strings */; };
		449430A8158EB4C000ADAE89 /* main.m in Sources */ = {isa = PBXBuildFile; fileRef = 449430A7158EB4C000ADAE89 /* main.m */; };
		449430AC158EB4C100ADAE89 /* MobileDiskAppDelegate.m in Sources */ = {isa = PBXBuildFile; fileRef = 449430AB158EB4C100ADAE89 /* MobileDiskAppDelegate.m */; };
		449430AF158EB4C100ADAE89 /* MainStoryboard.storyboard in Resources */ = {isa = PBXBuildFile; fileRef = 449430AD158EB4C100ADAE89 /* MainStoryboard.storyboard */; };
		449430B2158EB4C100ADAE89 /* MobileDiskViewController.m in Sources */ = {isa = PBXBuildFile; fileRef = 449430B1158EB4C100ADAE89 /* MobileDiskViewController.m */; };
		449430C0158EB57D00ADAE89 /* GCDAsyncSocket.m in Sources */ = {isa = PBXBuildFile; fileRef = 449430BF158EB57D00ADAE89 /* GCDAsyncSocket.m */; };
		449430F6158EB8AD00ADAE89 /* DDData.m in Sources */ = {isa = PBXBuildFile; fileRef = 449430D3158EB8AD00ADAE89 /* DDData.m */; };
		449430F7158EB8AD00ADAE89 /* DDNumber.m in Sources */ = {isa = PBXBuildFile; fileRef = 449430D5158EB8AD00ADAE89 /* DDNumber.m */; };
		449430F8158EB8AD00ADAE89 /* DDRange.m in Sources */ = {isa = PBXBuildFile; fileRef = 449430D7158EB8AD00ADAE89 /* DDRange.m */; };
		449430F9158EB8AD00ADAE89 /* HTTPAuthenticationRequest.m in Sources */ = {isa = PBXBuildFile; fileRef = 449430D9158EB8AD00ADAE89 /* HTTPAuthenticationRequest.m */; };
		449430FA158EB8AD00ADAE89 /* HTTPConnection.m in Sources */ = {isa = PBXBuildFile; fileRef = 449430DB158EB8AD00ADAE89 /* HTTPConnection.m */; };
		449430FB158EB8AD00ADAE89 /* HTTPMessage.m in Sources */ = {isa = PBXBuildFile; fileRef = 449430DE158EB8AD00ADAE89 /* HTTPMessage.m */; };
		449430FC158EB8AD00ADAE89 /* HTTPServer.m in Sources */ = {isa = PBXBuildFile; fileRef = 449430E1158EB8AD00ADAE89 /* HTTPServer.m */; };
		449430FD158EB8AD00ADAE89 /* MultipartFormDataParser.m in Sources */ = {isa = PBXBuildFile; fileRef = 449430E4158EB8AD00ADAE89 /* MultipartFormDataParser.m */; };
		449430FE158EB8AD00ADAE89 /* MultipartMessageHeader.m in Sources */ = {isa = PBXBuildFile; fileRef = 449430E6158EB8AD00ADAE89 /* MultipartMessageHeader.m */; };
		449430FF158EB8AD00ADAE89 /* MultipartMessageHeaderField.m in Sources */ = {isa = PBXBuildFile; fileRef = 449430E8158EB8AD00ADAE89 /* MultipartMessageHeaderField.m */; };
		44943100158EB8AD00ADAE89 /* HTTPAsyncFileResponse.m in Sources */ = {isa = PBXBuildFile; fileRef = 449430EB158EB8AD00ADAE89 /* HTTPAsyncFileResponse.m */; };
		44943101158EB8AD00ADAE89 /* HTTPDataResponse.m in Sources */ = {isa = PBXBuildFile; fileRef = 449430ED158EB8AD00ADAE89 /* HTTPDataResponse.m */; };
		44943102158EB8AD00ADAE89 /* HTTPDynamicFileResponse.m in Sources */ = {isa = PBXBuildFile; fileRef = 449430EF158EB8AD00ADAE89 /* HTTPDynamicFileResponse.m */; };
		44943103158EB8AD00ADAE89 /* HTTPFileResponse.m in Sources */ = {isa = PBXBuildFile; fileRef = 449430F1158EB8AD00ADAE89 /* HTTPFileResponse.m */; };
		44943104158EB8AD00ADAE89 /* HTTPRedirectResponse.m in Sources */ = {isa = PBXBuildFile; fileRef = 449430F3158EB8AD00ADAE89 /* HTTPRedirectResponse.m */; };
		44943105158EB8AD00ADAE89 /* WebSocket.m in Sources */ = {isa = PBXBuildFile; fileRef = 449430F5158EB8AD00ADAE89 /* WebSocket.m */; };
		44943110158EBB3A00ADAE89 /* DDAbstractDatabaseLogger.m in Sources */ = {isa = PBXBuildFile; fileRef = 44943107158EBB3900ADAE89 /* DDAbstractDatabaseLogger.m */; };
		44943111158EBB3A00ADAE89 /* DDASLLogger.m in Sources */ = {isa = PBXBuildFile; fileRef = 44943109158EBB3900ADAE89 /* DDASLLogger.m */; };
		44943112158EBB3A00ADAE89 /* DDFileLogger.m in Sources */ = {isa = PBXBuildFile; fileRef = 4494310B158EBB3900ADAE89 /* DDFileLogger.m */; };
		44943113158EBB3A00ADAE89 /* DDLog.m in Sources */ = {isa = PBXBuildFile; fileRef = 4494310D158EBB3900ADAE89 /* DDLog.m */; };
		44943114158EBB3A00ADAE89 /* DDTTYLogger.m in Sources */ = {isa = PBXBuildFile; fileRef = 4494310F158EBB3A00ADAE89 /* DDTTYLogger.m */; };
		4494311B158EBBC500ADAE89 /* CFNetwork.framework in Frameworks */ = {isa = PBXBuildFile; fileRef = 4494311A158EBBC500ADAE89 /* CFNetwork.framework */; };
		4494311D158EBBCB00ADAE89 /* Security.framework in Frameworks */ = {isa = PBXBuildFile; fileRef = 4494311C158EBBCB00ADAE89 /* Security.framework */; };
		44943133158F245A00ADAE89 /* index.html in Resources */ = {isa = PBXBuildFile; fileRef = 44943132158F245A00ADAE89 /* index.html */; };
		4494313B158F29B900ADAE89 /* MDHTTPConnection.m in Sources */ = {isa = PBXBuildFile; fileRef = 4494313A158F29B900ADAE89 /* MDHTTPConnection.m */; };
		44B2E99215B79E62006365E5 /* AudioIcon.png in Resources */ = {isa = PBXBuildFile; fileRef = 44B2E99015B79E62006365E5 /* AudioIcon.png */; };
		44B2E99315B79E62006365E5 /* AudioIcon@2x.png in Resources */ = {isa = PBXBuildFile; fileRef = 44B2E99115B79E62006365E5 /* AudioIcon@2x.png */; };
		44B2E99715B79E6F006365E5 /* ZipIcon.png in Resources */ = {isa = PBXBuildFile; fileRef = 44B2E99515B79E6F006365E5 /* ZipIcon.png */; };
		44B2E99815B79E6F006365E5 /* ZipIcon@2x.png in Resources */ = {isa = PBXBuildFile; fileRef = 44B2E99615B79E6F006365E5 /* ZipIcon@2x.png */; };
		44FD6E6415B6B5640006FC94 /* TabbarSettings.png in Resources */ = {isa = PBXBuildFile; fileRef = 44FD6E6315B6B5640006FC94 /* TabbarSettings.png */; };
		44FD6E6615B6B5710006FC94 /* TabbarSettings@2x.png in Resources */ = {isa = PBXBuildFile; fileRef = 44FD6E6515B6B5710006FC94 /* TabbarSettings@2x.png */; };
		44FD6E7E15B6B6080006FC94 /* SliderTrackLeft.png in Resources */ = {isa = PBXBuildFile; fileRef = 44FD6E6915B6B6080006FC94 /* SliderTrackLeft.png */; };
		44FD6E7F15B6B6080006FC94 /* SliderTrackLeft@2x.png in Resources */ = {isa = PBXBuildFile; fileRef = 44FD6E6A15B6B6080006FC94 /* SliderTrackLeft@2x.png */; };
		44FD6E8015B6B6080006FC94 /* SliderTrackRight.png in Resources */ = {isa = PBXBuildFile; fileRef = 44FD6E6C15B6B6080006FC94 /* SliderTrackRight.png */; };
		44FD6E8115B6B6080006FC94 /* SliderTrackRight@2x.png in Resources */ = {isa = PBXBuildFile; fileRef = 44FD6E6D15B6B6080006FC94 /* SliderTrackRight@2x.png */; };
		44FD6E8215B6B6080006FC94 /* MusicThumb.png in Resources */ = {isa = PBXBuildFile; fileRef = 44FD6E7015B6B6080006FC94 /* MusicThumb.png */; };
		44FD6E8315B6B6080006FC94 /* MusicThumb@2x.png in Resources */ = {isa = PBXBuildFile; fileRef = 44FD6E7115B6B6080006FC94 /* MusicThumb@2x.png */; };
		44FD6E8615B6B6080006FC94 /* SoundVolumeThumb.png in Resources */ = {isa = PBXBuildFile; fileRef = 44FD6E7515B6B6080006FC94 /* SoundVolumeThumb.png */; };
		44FD6E8715B6B6080006FC94 /* SoundVolumeThumb@2x.png in Resources */ = {isa = PBXBuildFile; fileRef = 44FD6E7615B6B6080006FC94 /* SoundVolumeThumb@2x.png */; };
		44FD6E8815B6B6080006FC94 /* SoundVolumeThumbHeightlight.png in Resources */ = {isa = PBXBuildFile; fileRef = 44FD6E7715B6B6080006FC94 /* SoundVolumeThumbHeightlight.png */; };
		44FD6E8915B6B6080006FC94 /* SoundVolumeThumbHeightlight@2x.png in Resources */ = {isa = PBXBuildFile; fileRef = 44FD6E7815B6B6080006FC94 /* SoundVolumeThumbHeightlight@2x.png */; };
		44FD6E8A15B6B6080006FC94 /* VideoThumb.png in Resources */ = {isa = PBXBuildFile; fileRef = 44FD6E7A15B6B6080006FC94 /* VideoThumb.png */; };
		44FD6E8B15B6B6080006FC94 /* VideoThumb@2x.png in Resources */ = {isa = PBXBuildFile; fileRef = 44FD6E7B15B6B6080006FC94 /* VideoThumb@2x.png */; };
/* End PBXBuildFile section */

/* Begin PBXFileReference section */
		4409B00E15AFBF76009F9DCE /* MDForegroundViewController.h */ = {isa = PBXFileReference; fileEncoding = 4; lastKnownFileType = sourcecode.c.h; path = MDForegroundViewController.h; sourceTree = "<group>"; };
		4409B00F15AFBF76009F9DCE /* MDForegroundViewController.m */ = {isa = PBXFileReference; fileEncoding = 4; lastKnownFileType = sourcecode.c.objc; path = MDForegroundViewController.m; sourceTree = "<group>"; };
		4409B03415B01B80009F9DCE /* TabbarFile.png */ = {isa = PBXFileReference; lastKnownFileType = image.png; path = TabbarFile.png; sourceTree = "<group>"; };
		4409B03515B01B80009F9DCE /* TabbarFile@2x.png */ = {isa = PBXFileReference; lastKnownFileType = image.png; path = "TabbarFile@2x.png"; sourceTree = "<group>"; };
		4409B03915B01F9F009F9DCE /* ImagePlaceholder.png */ = {isa = PBXFileReference; lastKnownFileType = image.png; path = ImagePlaceholder.png; sourceTree = "<group>"; };
		4409B03A15B01F9F009F9DCE /* ImagePlaceholder@2x.png */ = {isa = PBXFileReference; lastKnownFileType = image.png; path = "ImagePlaceholder@2x.png"; sourceTree = "<group>"; };
		4409B05C15B03E99009F9DCE /* IsSelected.png */ = {isa = PBXFileReference; lastKnownFileType = image.png; path = IsSelected.png; sourceTree = "<group>"; };
		4409B05D15B03E99009F9DCE /* IsSelected@2x.png */ = {isa = PBXFileReference; lastKnownFileType = image.png; path = "IsSelected@2x.png"; sourceTree = "<group>"; };
		4409B05E15B03E99009F9DCE /* NotSelected.png */ = {isa = PBXFileReference; lastKnownFileType = image.png; path = NotSelected.png; sourceTree = "<group>"; };
		4409B05F15B03E99009F9DCE /* NotSelected@2x.png */ = {isa = PBXFileReference; lastKnownFileType = image.png; path = "NotSelected@2x.png"; sourceTree = "<group>"; };
		4416081215A29E6900770FF5 /* crypt.h */ = {isa = PBXFileReference; fileEncoding = 4; lastKnownFileType = sourcecode.c.h; path = crypt.h; sourceTree = "<group>"; };
		4416081315A29E6900770FF5 /* ioapi.c */ = {isa = PBXFileReference; fileEncoding = 4; lastKnownFileType = sourcecode.c.c; path = ioapi.c; sourceTree = "<group>"; };
		4416081415A29E6900770FF5 /* ioapi.h */ = {isa = PBXFileReference; fileEncoding = 4; lastKnownFileType = sourcecode.c.h; path = ioapi.h; sourceTree = "<group>"; };
		4416081515A29E6900770FF5 /* mztools.c */ = {isa = PBXFileReference; fileEncoding = 4; lastKnownFileType = sourcecode.c.c; path = mztools.c; sourceTree = "<group>"; };
		4416081615A29E6900770FF5 /* mztools.h */ = {isa = PBXFileReference; fileEncoding = 4; lastKnownFileType = sourcecode.c.h; path = mztools.h; sourceTree = "<group>"; };
		4416081715A29E6900770FF5 /* unzip.c */ = {isa = PBXFileReference; fileEncoding = 4; lastKnownFileType = sourcecode.c.c; path = unzip.c; sourceTree = "<group>"; };
		4416081815A29E6900770FF5 /* unzip.h */ = {isa = PBXFileReference; fileEncoding = 4; lastKnownFileType = sourcecode.c.h; path = unzip.h; sourceTree = "<group>"; };
		4416081915A29E6900770FF5 /* zip.c */ = {isa = PBXFileReference; fileEncoding = 4; lastKnownFileType = sourcecode.c.c; path = zip.c; sourceTree = "<group>"; };
		4416081A15A29E6900770FF5 /* zip.h */ = {isa = PBXFileReference; fileEncoding = 4; lastKnownFileType = sourcecode.c.h; path = zip.h; sourceTree = "<group>"; };
		4416081B15A29E6900770FF5 /* SSZipArchive.h */ = {isa = PBXFileReference; fileEncoding = 4; lastKnownFileType = sourcecode.c.h; path = SSZipArchive.h; sourceTree = "<group>"; };
		4416081C15A29E6900770FF5 /* SSZipArchive.m */ = {isa = PBXFileReference; fileEncoding = 4; lastKnownFileType = sourcecode.c.objc; path = SSZipArchive.m; sourceTree = "<group>"; };
		4416082215A29E9000770FF5 /* libz.dylib */ = {isa = PBXFileReference; lastKnownFileType = "compiled.mach-o.dylib"; name = libz.dylib; path = usr/lib/libz.dylib; sourceTree = SDKROOT; };
		4416082915A29F9A00770FF5 /* MDUnarchiveViewController.h */ = {isa = PBXFileReference; fileEncoding = 4; lastKnownFileType = sourcecode.c.h; path = MDUnarchiveViewController.h; sourceTree = "<group>"; };
		4416082A15A29F9A00770FF5 /* MDUnarchiveViewController.m */ = {isa = PBXFileReference; fileEncoding = 4; lastKnownFileType = sourcecode.c.objc; path = MDUnarchiveViewController.m; sourceTree = "<group>"; };
		4416082C15A29FDD00770FF5 /* MDUnarchiveNavigationController.h */ = {isa = PBXFileReference; fileEncoding = 4; lastKnownFileType = sourcecode.c.h; path = MDUnarchiveNavigationController.h; sourceTree = "<group>"; };
		4416082D15A29FDD00770FF5 /* MDUnarchiveNavigationController.m */ = {isa = PBXFileReference; fileEncoding = 4; lastKnownFileType = sourcecode.c.objc; path = MDUnarchiveNavigationController.m; sourceTree = "<group>"; };
		4416083715A32B0600770FF5 /* MDProgressViewController.h */ = {isa = PBXFileReference; fileEncoding = 4; lastKnownFileType = sourcecode.c.h; path = MDProgressViewController.h; sourceTree = "<group>"; };
		4416083815A32B0600770FF5 /* MDProgressViewController.m */ = {isa = PBXFileReference; fileEncoding = 4; lastKnownFileType = sourcecode.c.objc; path = MDProgressViewController.m; sourceTree = "<group>"; };
		441AB98F159C646B00BAAA19 /* MDScrollView.h */ = {isa = PBXFileReference; fileEncoding = 4; lastKnownFileType = sourcecode.c.h; path = MDScrollView.h; sourceTree = "<group>"; };
		441AB990159C646B00BAAA19 /* MDScrollView.m */ = {isa = PBXFileReference; fileEncoding = 4; lastKnownFileType = sourcecode.c.objc; path = MDScrollView.m; sourceTree = "<group>"; };
		441AB99B159C75B600BAAA19 /* MDAVPlayerController.h */ = {isa = PBXFileReference; fileEncoding = 4; lastKnownFileType = sourcecode.c.h; path = MDAVPlayerController.h; sourceTree = "<group>"; };
		441AB99C159C75B600BAAA19 /* MDAVPlayerController.m */ = {isa = PBXFileReference; fileEncoding = 4; lastKnownFileType = sourcecode.c.objc; path = MDAVPlayerController.m; sourceTree = "<group>"; };
		441AB99E159C766C00BAAA19 /* MediaPlayer.framework */ = {isa = PBXFileReference; lastKnownFileType = wrapper.framework; name = MediaPlayer.framework; path = System/Library/Frameworks/MediaPlayer.framework; sourceTree = SDKROOT; };
		441B4F1515C01BB400801A8D /* MDAction.h */ = {isa = PBXFileReference; fileEncoding = 4; lastKnownFileType = sourcecode.c.h; path = MDAction.h; sourceTree = "<group>"; };
		441B4F1615C01BB400801A8D /* MDAction.m */ = {isa = PBXFileReference; fileEncoding = 4; lastKnownFileType = sourcecode.c.objc; path = MDAction.m; sourceTree = "<group>"; };
		441B4F1715C01BB400801A8D /* MDAddFolderAlertView.h */ = {isa = PBXFileReference; fileEncoding = 4; lastKnownFileType = sourcecode.c.h; path = MDAddFolderAlertView.h; sourceTree = "<group>"; };
		441B4F1815C01BB400801A8D /* MDAddFolderAlertView.m */ = {isa = PBXFileReference; fileEncoding = 4; lastKnownFileType = sourcecode.c.objc; path = MDAddFolderAlertView.m; sourceTree = "<group>"; };
		441B4F1915C01BB400801A8D /* MDConfirmDeleteAlertView.h */ = {isa = PBXFileReference; fileEncoding = 4; lastKnownFileType = sourcecode.c.h; path = MDConfirmDeleteAlertView.h; sourceTree = "<group>"; };
		441B4F1A15C01BB400801A8D /* MDConfirmDeleteAlertView.m */ = {isa = PBXFileReference; fileEncoding = 4; lastKnownFileType = sourcecode.c.objc; path = MDConfirmDeleteAlertView.m; sourceTree = "<group>"; };
		441B4F1B15C01BB400801A8D /* MDNonSelectedActionSheet.h */ = {isa = PBXFileReference; fileEncoding = 4; lastKnownFileType = sourcecode.c.h; path = MDNonSelectedActionSheet.h; sourceTree = "<group>"; };
		441B4F1C15C01BB400801A8D /* MDNonSelectedActionSheet.m */ = {isa = PBXFileReference; fileEncoding = 4; lastKnownFileType = sourcecode.c.objc; path = MDNonSelectedActionSheet.m; sourceTree = "<group>"; };
		441B4F1D15C01BB400801A8D /* MDRenameAlertView.h */ = {isa = PBXFileReference; fileEncoding = 4; lastKnownFileType = sourcecode.c.h; path = MDRenameAlertView.h; sourceTree = "<group>"; };
		441B4F1E15C01BB400801A8D /* MDRenameAlertView.m */ = {isa = PBXFileReference; fileEncoding = 4; lastKnownFileType = sourcecode.c.objc; path = MDRenameAlertView.m; sourceTree = "<group>"; };
		441B4F1F15C01BB400801A8D /* MDSelectedActionSheet.h */ = {isa = PBXFileReference; fileEncoding = 4; lastKnownFileType = sourcecode.c.h; path = MDSelectedActionSheet.h; sourceTree = "<group>"; };
		441B4F2015C01BB400801A8D /* MDSelectedActionSheet.m */ = {isa = PBXFileReference; fileEncoding = 4; lastKnownFileType = sourcecode.c.objc; path = MDSelectedActionSheet.m; sourceTree = "<group>"; };
		4424E2BF15A137A300A430D4 /* MDTimelineView.h */ = {isa = PBXFileReference; fileEncoding = 4; lastKnownFileType = sourcecode.c.h; path = MDTimelineView.h; sourceTree = "<group>"; };
		4424E2C015A137A300A430D4 /* MDTimelineView.m */ = {isa = PBXFileReference; fileEncoding = 4; lastKnownFileType = sourcecode.c.objc; path = MDTimelineView.m; sourceTree = "<group>"; };
		44296A8F15C0FEFB004380DD /* Icon-72.png */ = {isa = PBXFileReference; lastKnownFileType = image.png; path = "Icon-72.png"; sourceTree = "<group>"; };
		44296A9015C0FEFB004380DD /* Icon-Small-50.png */ = {isa = PBXFileReference; lastKnownFileType = image.png; path = "Icon-Small-50.png"; sourceTree = "<group>"; };
		44296A9115C0FEFB004380DD /* Icon-Small.png */ = {isa = PBXFileReference; lastKnownFileType = image.png; path = "Icon-Small.png"; sourceTree = "<group>"; };
		44296A9215C0FEFB004380DD /* Icon-Small@2x.png */ = {isa = PBXFileReference; lastKnownFileType = image.png; path = "Icon-Small@2x.png"; sourceTree = "<group>"; };
		44296A9315C0FEFB004380DD /* Icon.png */ = {isa = PBXFileReference; lastKnownFileType = image.png; path = Icon.png; sourceTree = "<group>"; };
		44296A9415C0FEFB004380DD /* Icon@2x.png */ = {isa = PBXFileReference; lastKnownFileType = image.png; path = "Icon@2x.png"; sourceTree = "<group>"; };
		44296A9515C0FEFB004380DD /* iTunesArtwork */ = {isa = PBXFileReference; lastKnownFileType = file; path = iTunesArtwork; sourceTree = "<group>"; };
		442CF31715D34C550056FB61 /* MDLicenseAgreementViewController.h */ = {isa = PBXFileReference; fileEncoding = 4; lastKnownFileType = sourcecode.c.h; path = MDLicenseAgreementViewController.h; sourceTree = "<group>"; };
		442CF31815D34C550056FB61 /* MDLicenseAgreementViewController.m */ = {isa = PBXFileReference; fileEncoding = 4; lastKnownFileType = sourcecode.c.objc; path = MDLicenseAgreementViewController.m; sourceTree = "<group>"; };
		4430AA0B15B3B836008E6D2F /* MusicCover.png */ = {isa = PBXFileReference; lastKnownFileType = image.png; path = MusicCover.png; sourceTree = "<group>"; };
		4430AA0C15B3B836008E6D2F /* MusicCover@2x.png */ = {isa = PBXFileReference; lastKnownFileType = image.png; path = "MusicCover@2x.png"; sourceTree = "<group>"; };
		44354DFC15A572FB00BFE4E4 /* MDPasscodeViewController.h */ = {isa = PBXFileReference; fileEncoding = 4; lastKnownFileType = sourcecode.c.h; path = MDPasscodeViewController.h; sourceTree = "<group>"; };
		44354DFD15A572FB00BFE4E4 /* MDPasscodeViewController.m */ = {isa = PBXFileReference; fileEncoding = 4; lastKnownFileType = sourcecode.c.objc; path = MDPasscodeViewController.m; sourceTree = "<group>"; };
		4437A94E15B6552B0073E9C4 /* Default.png */ = {isa = PBXFileReference; lastKnownFileType = image.png; path = Default.png; sourceTree = "<group>"; };
		4437A94F15B6552B0073E9C4 /* Default@2x.png */ = {isa = PBXFileReference; lastKnownFileType = image.png; path = "Default@2x.png"; sourceTree = "<group>"; };
		4437BB6F159EA2D100F3C8E7 /* dummy.mp3 */ = {isa = PBXFileReference; lastKnownFileType = audio.mp3; path = dummy.mp3; sourceTree = "<group>"; };
		4438B40015A3E0F400248C72 /* MDProgressGradientView.h */ = {isa = PBXFileReference; fileEncoding = 4; lastKnownFileType = sourcecode.c.h; path = MDProgressGradientView.h; sourceTree = "<group>"; };
		4438B40115A3E0F400248C72 /* MDProgressGradientView.m */ = {isa = PBXFileReference; fileEncoding = 4; lastKnownFileType = sourcecode.c.objc; path = MDProgressGradientView.m; sourceTree = "<group>"; };
		4438B41015A4411D00248C72 /* CoreMedia.framework */ = {isa = PBXFileReference; lastKnownFileType = wrapper.framework; name = CoreMedia.framework; path = System/Library/Frameworks/CoreMedia.framework; sourceTree = SDKROOT; };
		4439E1F915B6C5F400EE8C05 /* MusicThumbHeightlight@2x.png */ = {isa = PBXFileReference; lastKnownFileType = image.png; path = "MusicThumbHeightlight@2x.png"; sourceTree = "<group>"; };
		4439E1FB15B6C60200EE8C05 /* MusicThumbHeightlight.png */ = {isa = PBXFileReference; lastKnownFileType = image.png; path = MusicThumbHeightlight.png; sourceTree = "<group>"; };
		4439E1FD15B6C61200EE8C05 /* VideoThumbHeightlight@2x.png */ = {isa = PBXFileReference; lastKnownFileType = image.png; path = "VideoThumbHeightlight@2x.png"; sourceTree = "<group>"; };
		4439E1FF15B6C61C00EE8C05 /* VideoThumbHeightlight.png */ = {isa = PBXFileReference; lastKnownFileType = image.png; path = VideoThumbHeightlight.png; sourceTree = "<group>"; };
		443A5D9E15B511F8000ADB4A /* DocumentIcon.png */ = {isa = PBXFileReference; lastKnownFileType = image.png; path = DocumentIcon.png; sourceTree = "<group>"; };
		443A5D9F15B511F8000ADB4A /* DocumentIcon@2x.png */ = {isa = PBXFileReference; lastKnownFileType = image.png; path = "DocumentIcon@2x.png"; sourceTree = "<group>"; };
		443A5DA115B511F8000ADB4A /* FolderIcon.png */ = {isa = PBXFileReference; lastKnownFileType = image.png; path = FolderIcon.png; sourceTree = "<group>"; };
		443A5DA215B511F8000ADB4A /* FolderIcon@2x.png */ = {isa = PBXFileReference; lastKnownFileType = image.png; path = "FolderIcon@2x.png"; sourceTree = "<group>"; };
		443A5DA415B511F8000ADB4A /* ImageIcon.png */ = {isa = PBXFileReference; lastKnownFileType = image.png; path = ImageIcon.png; sourceTree = "<group>"; };
		443A5DA515B511F8000ADB4A /* ImageIcon@2x.png */ = {isa = PBXFileReference; lastKnownFileType = image.png; path = "ImageIcon@2x.png"; sourceTree = "<group>"; };
		443A5DA715B511F8000ADB4A /* TextDocumentIcon.png */ = {isa = PBXFileReference; lastKnownFileType = image.png; path = TextDocumentIcon.png; sourceTree = "<group>"; };
		443A5DA815B511F8000ADB4A /* TextDocumentIcon@2x.png */ = {isa = PBXFileReference; lastKnownFileType = image.png; path = "TextDocumentIcon@2x.png"; sourceTree = "<group>"; };
		443A5DAA15B511F8000ADB4A /* UnknowIcon.png */ = {isa = PBXFileReference; lastKnownFileType = image.png; path = UnknowIcon.png; sourceTree = "<group>"; };
		443A5DAB15B511F8000ADB4A /* UnknowIcon@2x.png */ = {isa = PBXFileReference; lastKnownFileType = image.png; path = "UnknowIcon@2x.png"; sourceTree = "<group>"; };
		443A5DAD15B511F8000ADB4A /* FilmIcon.png */ = {isa = PBXFileReference; lastKnownFileType = image.png; path = FilmIcon.png; sourceTree = "<group>"; };
		443A5DAE15B511F8000ADB4A /* FilmIcon@2x.png */ = {isa = PBXFileReference; lastKnownFileType = image.png; path = "FilmIcon@2x.png"; sourceTree = "<group>"; };
		443ACE061592F395008B4DF2 /* MDFilesNavigationController.h */ = {isa = PBXFileReference; fileEncoding = 4; lastKnownFileType = sourcecode.c.h; path = MDFilesNavigationController.h; sourceTree = "<group>"; };
		443ACE071592F395008B4DF2 /* MDFilesNavigationController.m */ = {isa = PBXFileReference; fileEncoding = 4; lastKnownFileType = sourcecode.c.objc; path = MDFilesNavigationController.m; sourceTree = "<group>"; };
		443ACE091592F52E008B4DF2 /* MDFilesViewController.h */ = {isa = PBXFileReference; fileEncoding = 4; lastKnownFileType = sourcecode.c.h; path = MDFilesViewController.h; sourceTree = "<group>"; };
		443ACE0A1592F52E008B4DF2 /* MDFilesViewController.m */ = {isa = PBXFileReference; fileEncoding = 4; lastKnownFileType = sourcecode.c.objc; path = MDFilesViewController.m; sourceTree = "<group>"; };
		443ACE0C1593018D008B4DF2 /* MDFiles.h */ = {isa = PBXFileReference; fileEncoding = 4; lastKnownFileType = sourcecode.c.h; path = MDFiles.h; sourceTree = "<group>"; };
		443ACE0D1593018D008B4DF2 /* MDFiles.m */ = {isa = PBXFileReference; fileEncoding = 4; lastKnownFileType = sourcecode.c.objc; path = MDFiles.m; sourceTree = "<group>"; };
		443D004A159410CD008CCCBE /* MDFilesTableViewCell.h */ = {isa = PBXFileReference; fileEncoding = 4; lastKnownFileType = sourcecode.c.h; path = MDFilesTableViewCell.h; sourceTree = "<group>"; };
		443D004B159410CD008CCCBE /* MDFilesTableViewCell.m */ = {isa = PBXFileReference; fileEncoding = 4; lastKnownFileType = sourcecode.c.objc; path = MDFilesTableViewCell.m; sourceTree = "<group>"; };
		443EE91415B546F6008801F3 /* PasscodePattern@2x.png */ = {isa = PBXFileReference; lastKnownFileType = image.png; path = "PasscodePattern@2x.png"; sourceTree = "<group>"; };
		443EE91615B54701008801F3 /* PasscodePattern.png */ = {isa = PBXFileReference; lastKnownFileType = image.png; path = PasscodePattern.png; sourceTree = "<group>"; };
		443EE91815B5477B008801F3 /* DigitalBackground.png */ = {isa = PBXFileReference; lastKnownFileType = image.png; path = DigitalBackground.png; sourceTree = "<group>"; };
		443EE91A15B54785008801F3 /* DigitalBackground@2x.png */ = {isa = PBXFileReference; lastKnownFileType = image.png; path = "DigitalBackground@2x.png"; sourceTree = "<group>"; };
		4440BB601591A9740073BBAA /* MDSettingsViewController.h */ = {isa = PBXFileReference; fileEncoding = 4; lastKnownFileType = sourcecode.c.h; path = MDSettingsViewController.h; sourceTree = "<group>"; };
		4440BB611591A9740073BBAA /* MDSettingsViewController.m */ = {isa = PBXFileReference; fileEncoding = 4; lastKnownFileType = sourcecode.c.objc; path = MDSettingsViewController.m; sourceTree = "<group>"; };
		4440BB701591B8360073BBAA /* IPResolver.h */ = {isa = PBXFileReference; fileEncoding = 4; lastKnownFileType = sourcecode.c.h; path = IPResolver.h; sourceTree = "<group>"; };
		4440BB711591B8360073BBAA /* IPResolver.m */ = {isa = PBXFileReference; fileEncoding = 4; lastKnownFileType = sourcecode.c.objc; path = IPResolver.m; sourceTree = "<group>"; };
		44421C2615A67980002B0F60 /* MDChangePasscodeController.h */ = {isa = PBXFileReference; fileEncoding = 4; lastKnownFileType = sourcecode.c.h; path = MDChangePasscodeController.h; sourceTree = "<group>"; };
		44421C2715A67980002B0F60 /* MDChangePasscodeController.m */ = {isa = PBXFileReference; fileEncoding = 4; lastKnownFileType = sourcecode.c.objc; path = MDChangePasscodeController.m; sourceTree = "<group>"; };
		44489AB215AA653000FA055D /* TableCellGradient.png */ = {isa = PBXFileReference; lastKnownFileType = image.png; path = TableCellGradient.png; sourceTree = "<group>"; };
		444904E515BFB71C0088B947 /* MDDeletingViewController.h */ = {isa = PBXFileReference; fileEncoding = 4; lastKnownFileType = sourcecode.c.h; name = MDDeletingViewController.h; path = DeletingHUD/MDDeletingViewController.h; sourceTree = "<group>"; };
		444904E615BFB71C0088B947 /* MDDeletingViewController.m */ = {isa = PBXFileReference; fileEncoding = 4; lastKnownFileType = sourcecode.c.objc; name = MDDeletingViewController.m; path = DeletingHUD/MDDeletingViewController.m; sourceTree = "<group>"; };
		444FF9D3159AA0770033BB3B /* MobileDiskInfo.plist */ = {isa = PBXFileReference; fileEncoding = 4; lastKnownFileType = text.plist.xml; path = MobileDiskInfo.plist; sourceTree = "<group>"; };
		444FF9D5159AB6120033BB3B /* MobileCoreServices.framework */ = {isa = PBXFileReference; lastKnownFileType = wrapper.framework; name = MobileCoreServices.framework; path = System/Library/Frameworks/MobileCoreServices.framework; sourceTree = SDKROOT; };
		444FF9D8159AD45F0033BB3B /* MDFileSupporter.h */ = {isa = PBXFileReference; fileEncoding = 4; lastKnownFileType = sourcecode.c.h; path = MDFileSupporter.h; sourceTree = "<group>"; };
		444FF9D9159AD45F0033BB3B /* MDFileSupporter.m */ = {isa = PBXFileReference; fileEncoding = 4; lastKnownFileType = sourcecode.c.objc; path = MDFileSupporter.m; sourceTree = "<group>"; };
		444FF9E1159B2BF70033BB3B /* MDDocumentViewController.h */ = {isa = PBXFileReference; fileEncoding = 4; lastKnownFileType = sourcecode.c.h; path = MDDocumentViewController.h; sourceTree = "<group>"; };
		444FF9E2159B2BF70033BB3B /* MDDocumentViewController.m */ = {isa = PBXFileReference; fileEncoding = 4; lastKnownFileType = sourcecode.c.objc; path = MDDocumentViewController.m; sourceTree = "<group>"; };
		44538AFC159D4D4200CE7730 /* MDMusicPlayerController.h */ = {isa = PBXFileReference; fileEncoding = 4; lastKnownFileType = sourcecode.c.h; path = MDMusicPlayerController.h; sourceTree = "<group>"; };
		44538AFD159D4D4200CE7730 /* MDMusicPlayerController.m */ = {isa = PBXFileReference; fileEncoding = 4; lastKnownFileType = sourcecode.c.objc; path = MDMusicPlayerController.m; sourceTree = "<group>"; };
		44538AFF159D4D6200CE7730 /* AVFoundation.framework */ = {isa = PBXFileReference; lastKnownFileType = wrapper.framework; name = AVFoundation.framework; path = System/Library/Frameworks/AVFoundation.framework; sourceTree = SDKROOT; };
		445D13EB1599391300B7D777 /* MDMoveFilesViewController.h */ = {isa = PBXFileReference; fileEncoding = 4; lastKnownFileType = sourcecode.c.h; path = MDMoveFilesViewController.h; sourceTree = "<group>"; };
		445D13EC1599391300B7D777 /* MDMoveFilesViewController.m */ = {isa = PBXFileReference; fileEncoding = 4; lastKnownFileType = sourcecode.c.objc; path = MDMoveFilesViewController.m; sourceTree = "<group>"; };
		445D13EF15993AAB00B7D777 /* MDMoveFilesNavigationController.h */ = {isa = PBXFileReference; fileEncoding = 4; lastKnownFileType = sourcecode.c.h; path = MDMoveFilesNavigationController.h; sourceTree = "<group>"; };
		445D13F015993AAB00B7D777 /* MDMoveFilesNavigationController.m */ = {isa = PBXFileReference; fileEncoding = 4; lastKnownFileType = sourcecode.c.objc; path = MDMoveFilesNavigationController.m; sourceTree = "<group>"; };
		447CD7EA159C04AE00464D28 /* MDImageViewerController.h */ = {isa = PBXFileReference; fileEncoding = 4; lastKnownFileType = sourcecode.c.h; path = MDImageViewerController.h; sourceTree = "<group>"; };
		447CD7EB159C04AE00464D28 /* MDImageViewerController.m */ = {isa = PBXFileReference; fileEncoding = 4; lastKnownFileType = sourcecode.c.objc; path = MDImageViewerController.m; sourceTree = "<group>"; };
		447CD7ED159C37A700464D28 /* UIImage+Resize.h */ = {isa = PBXFileReference; fileEncoding = 4; lastKnownFileType = sourcecode.c.h; path = "UIImage+Resize.h"; sourceTree = "<group>"; };
		447CD7EE159C37A700464D28 /* UIImage+Resize.m */ = {isa = PBXFileReference; fileEncoding = 4; lastKnownFileType = sourcecode.c.objc; path = "UIImage+Resize.m"; sourceTree = "<group>"; };
		44943097158EB4C000ADAE89 /* MobileDisk.app */ = {isa = PBXFileReference; explicitFileType = wrapper.application; includeInIndex = 0; path = MobileDisk.app; sourceTree = BUILT_PRODUCTS_DIR; };
		4494309B158EB4C000ADAE89 /* UIKit.framework */ = {isa = PBXFileReference; lastKnownFileType = wrapper.framework; name = UIKit.framework; path = System/Library/Frameworks/UIKit.framework; sourceTree = SDKROOT; };
		4494309D158EB4C000ADAE89 /* Foundation.framework */ = {isa = PBXFileReference; lastKnownFileType = wrapper.framework; name = Foundation.framework; path = System/Library/Frameworks/Foundation.framework; sourceTree = SDKROOT; };
		4494309F158EB4C000ADAE89 /* CoreGraphics.framework */ = {isa = PBXFileReference; lastKnownFileType = wrapper.framework; name = CoreGraphics.framework; path = System/Library/Frameworks/CoreGraphics.framework; sourceTree = SDKROOT; };
		449430A3158EB4C000ADAE89 /* MobileDisk-Info.plist */ = {isa = PBXFileReference; lastKnownFileType = text.plist.xml; path = "MobileDisk-Info.plist"; sourceTree = "<group>"; };
		449430A5158EB4C000ADAE89 /* en */ = {isa = PBXFileReference; lastKnownFileType = text.plist.strings; name = en; path = en.lproj/InfoPlist.strings; sourceTree = "<group>"; };
		449430A7158EB4C000ADAE89 /* main.m */ = {isa = PBXFileReference; lastKnownFileType = sourcecode.c.objc; path = main.m; sourceTree = "<group>"; };
		449430A9158EB4C000ADAE89 /* MobileDisk-Prefix.pch */ = {isa = PBXFileReference; lastKnownFileType = sourcecode.c.h; path = "MobileDisk-Prefix.pch"; sourceTree = "<group>"; };
		449430AA158EB4C000ADAE89 /* MobileDiskAppDelegate.h */ = {isa = PBXFileReference; lastKnownFileType = sourcecode.c.h; path = MobileDiskAppDelegate.h; sourceTree = "<group>"; };
		449430AB158EB4C100ADAE89 /* MobileDiskAppDelegate.m */ = {isa = PBXFileReference; lastKnownFileType = sourcecode.c.objc; path = MobileDiskAppDelegate.m; sourceTree = "<group>"; };
		449430AE158EB4C100ADAE89 /* en */ = {isa = PBXFileReference; lastKnownFileType = file.storyboard; name = en; path = en.lproj/MainStoryboard.storyboard; sourceTree = "<group>"; };
		449430B0158EB4C100ADAE89 /* MobileDiskViewController.h */ = {isa = PBXFileReference; lastKnownFileType = sourcecode.c.h; path = MobileDiskViewController.h; sourceTree = "<group>"; };
		449430B1158EB4C100ADAE89 /* MobileDiskViewController.m */ = {isa = PBXFileReference; lastKnownFileType = sourcecode.c.objc; path = MobileDiskViewController.m; sourceTree = "<group>"; };
		449430BE158EB57D00ADAE89 /* GCDAsyncSocket.h */ = {isa = PBXFileReference; fileEncoding = 4; lastKnownFileType = sourcecode.c.h; path = GCDAsyncSocket.h; sourceTree = "<group>"; };
		449430BF158EB57D00ADAE89 /* GCDAsyncSocket.m */ = {isa = PBXFileReference; fileEncoding = 4; lastKnownFileType = sourcecode.c.objc; path = GCDAsyncSocket.m; sourceTree = "<group>"; };
		449430D2158EB8AD00ADAE89 /* DDData.h */ = {isa = PBXFileReference; fileEncoding = 4; lastKnownFileType = sourcecode.c.h; path = DDData.h; sourceTree = "<group>"; };
		449430D3158EB8AD00ADAE89 /* DDData.m */ = {isa = PBXFileReference; fileEncoding = 4; lastKnownFileType = sourcecode.c.objc; path = DDData.m; sourceTree = "<group>"; };
		449430D4158EB8AD00ADAE89 /* DDNumber.h */ = {isa = PBXFileReference; fileEncoding = 4; lastKnownFileType = sourcecode.c.h; path = DDNumber.h; sourceTree = "<group>"; };
		449430D5158EB8AD00ADAE89 /* DDNumber.m */ = {isa = PBXFileReference; fileEncoding = 4; lastKnownFileType = sourcecode.c.objc; path = DDNumber.m; sourceTree = "<group>"; };
		449430D6158EB8AD00ADAE89 /* DDRange.h */ = {isa = PBXFileReference; fileEncoding = 4; lastKnownFileType = sourcecode.c.h; path = DDRange.h; sourceTree = "<group>"; };
		449430D7158EB8AD00ADAE89 /* DDRange.m */ = {isa = PBXFileReference; fileEncoding = 4; lastKnownFileType = sourcecode.c.objc; path = DDRange.m; sourceTree = "<group>"; };
		449430D8158EB8AD00ADAE89 /* HTTPAuthenticationRequest.h */ = {isa = PBXFileReference; fileEncoding = 4; lastKnownFileType = sourcecode.c.h; path = HTTPAuthenticationRequest.h; sourceTree = "<group>"; };
		449430D9158EB8AD00ADAE89 /* HTTPAuthenticationRequest.m */ = {isa = PBXFileReference; fileEncoding = 4; lastKnownFileType = sourcecode.c.objc; path = HTTPAuthenticationRequest.m; sourceTree = "<group>"; };
		449430DA158EB8AD00ADAE89 /* HTTPConnection.h */ = {isa = PBXFileReference; fileEncoding = 4; lastKnownFileType = sourcecode.c.h; path = HTTPConnection.h; sourceTree = "<group>"; };
		449430DB158EB8AD00ADAE89 /* HTTPConnection.m */ = {isa = PBXFileReference; fileEncoding = 4; lastKnownFileType = sourcecode.c.objc; path = HTTPConnection.m; sourceTree = "<group>"; };
		449430DC158EB8AD00ADAE89 /* HTTPLogging.h */ = {isa = PBXFileReference; fileEncoding = 4; lastKnownFileType = sourcecode.c.h; path = HTTPLogging.h; sourceTree = "<group>"; };
		449430DD158EB8AD00ADAE89 /* HTTPMessage.h */ = {isa = PBXFileReference; fileEncoding = 4; lastKnownFileType = sourcecode.c.h; path = HTTPMessage.h; sourceTree = "<group>"; };
		449430DE158EB8AD00ADAE89 /* HTTPMessage.m */ = {isa = PBXFileReference; fileEncoding = 4; lastKnownFileType = sourcecode.c.objc; path = HTTPMessage.m; sourceTree = "<group>"; };
		449430DF158EB8AD00ADAE89 /* HTTPResponse.h */ = {isa = PBXFileReference; fileEncoding = 4; lastKnownFileType = sourcecode.c.h; path = HTTPResponse.h; sourceTree = "<group>"; };
		449430E0158EB8AD00ADAE89 /* HTTPServer.h */ = {isa = PBXFileReference; fileEncoding = 4; lastKnownFileType = sourcecode.c.h; path = HTTPServer.h; sourceTree = "<group>"; };
		449430E1158EB8AD00ADAE89 /* HTTPServer.m */ = {isa = PBXFileReference; fileEncoding = 4; lastKnownFileType = sourcecode.c.objc; path = HTTPServer.m; sourceTree = "<group>"; };
		449430E3158EB8AD00ADAE89 /* MultipartFormDataParser.h */ = {isa = PBXFileReference; fileEncoding = 4; lastKnownFileType = sourcecode.c.h; path = MultipartFormDataParser.h; sourceTree = "<group>"; };
		449430E4158EB8AD00ADAE89 /* MultipartFormDataParser.m */ = {isa = PBXFileReference; fileEncoding = 4; lastKnownFileType = sourcecode.c.objc; path = MultipartFormDataParser.m; sourceTree = "<group>"; };
		449430E5158EB8AD00ADAE89 /* MultipartMessageHeader.h */ = {isa = PBXFileReference; fileEncoding = 4; lastKnownFileType = sourcecode.c.h; path = MultipartMessageHeader.h; sourceTree = "<group>"; };
		449430E6158EB8AD00ADAE89 /* MultipartMessageHeader.m */ = {isa = PBXFileReference; fileEncoding = 4; lastKnownFileType = sourcecode.c.objc; path = MultipartMessageHeader.m; sourceTree = "<group>"; };
		449430E7158EB8AD00ADAE89 /* MultipartMessageHeaderField.h */ = {isa = PBXFileReference; fileEncoding = 4; lastKnownFileType = sourcecode.c.h; path = MultipartMessageHeaderField.h; sourceTree = "<group>"; };
		449430E8158EB8AD00ADAE89 /* MultipartMessageHeaderField.m */ = {isa = PBXFileReference; fileEncoding = 4; lastKnownFileType = sourcecode.c.objc; path = MultipartMessageHeaderField.m; sourceTree = "<group>"; };
		449430EA158EB8AD00ADAE89 /* HTTPAsyncFileResponse.h */ = {isa = PBXFileReference; fileEncoding = 4; lastKnownFileType = sourcecode.c.h; path = HTTPAsyncFileResponse.h; sourceTree = "<group>"; };
		449430EB158EB8AD00ADAE89 /* HTTPAsyncFileResponse.m */ = {isa = PBXFileReference; fileEncoding = 4; lastKnownFileType = sourcecode.c.objc; path = HTTPAsyncFileResponse.m; sourceTree = "<group>"; };
		449430EC158EB8AD00ADAE89 /* HTTPDataResponse.h */ = {isa = PBXFileReference; fileEncoding = 4; lastKnownFileType = sourcecode.c.h; path = HTTPDataResponse.h; sourceTree = "<group>"; };
		449430ED158EB8AD00ADAE89 /* HTTPDataResponse.m */ = {isa = PBXFileReference; fileEncoding = 4; lastKnownFileType = sourcecode.c.objc; path = HTTPDataResponse.m; sourceTree = "<group>"; };
		449430EE158EB8AD00ADAE89 /* HTTPDynamicFileResponse.h */ = {isa = PBXFileReference; fileEncoding = 4; lastKnownFileType = sourcecode.c.h; path = HTTPDynamicFileResponse.h; sourceTree = "<group>"; };
		449430EF158EB8AD00ADAE89 /* HTTPDynamicFileResponse.m */ = {isa = PBXFileReference; fileEncoding = 4; lastKnownFileType = sourcecode.c.objc; path = HTTPDynamicFileResponse.m; sourceTree = "<group>"; };
		449430F0158EB8AD00ADAE89 /* HTTPFileResponse.h */ = {isa = PBXFileReference; fileEncoding = 4; lastKnownFileType = sourcecode.c.h; path = HTTPFileResponse.h; sourceTree = "<group>"; };
		449430F1158EB8AD00ADAE89 /* HTTPFileResponse.m */ = {isa = PBXFileReference; fileEncoding = 4; lastKnownFileType = sourcecode.c.objc; path = HTTPFileResponse.m; sourceTree = "<group>"; };
		449430F2158EB8AD00ADAE89 /* HTTPRedirectResponse.h */ = {isa = PBXFileReference; fileEncoding = 4; lastKnownFileType = sourcecode.c.h; path = HTTPRedirectResponse.h; sourceTree = "<group>"; };
		449430F3158EB8AD00ADAE89 /* HTTPRedirectResponse.m */ = {isa = PBXFileReference; fileEncoding = 4; lastKnownFileType = sourcecode.c.objc; path = HTTPRedirectResponse.m; sourceTree = "<group>"; };
		449430F4158EB8AD00ADAE89 /* WebSocket.h */ = {isa = PBXFileReference; fileEncoding = 4; lastKnownFileType = sourcecode.c.h; path = WebSocket.h; sourceTree = "<group>"; };
		449430F5158EB8AD00ADAE89 /* WebSocket.m */ = {isa = PBXFileReference; fileEncoding = 4; lastKnownFileType = sourcecode.c.objc; path = WebSocket.m; sourceTree = "<group>"; };
		44943106158EBB3900ADAE89 /* DDAbstractDatabaseLogger.h */ = {isa = PBXFileReference; fileEncoding = 4; lastKnownFileType = sourcecode.c.h; path = DDAbstractDatabaseLogger.h; sourceTree = "<group>"; };
		44943107158EBB3900ADAE89 /* DDAbstractDatabaseLogger.m */ = {isa = PBXFileReference; fileEncoding = 4; lastKnownFileType = sourcecode.c.objc; path = DDAbstractDatabaseLogger.m; sourceTree = "<group>"; };
		44943108158EBB3900ADAE89 /* DDASLLogger.h */ = {isa = PBXFileReference; fileEncoding = 4; lastKnownFileType = sourcecode.c.h; path = DDASLLogger.h; sourceTree = "<group>"; };
		44943109158EBB3900ADAE89 /* DDASLLogger.m */ = {isa = PBXFileReference; fileEncoding = 4; lastKnownFileType = sourcecode.c.objc; path = DDASLLogger.m; sourceTree = "<group>"; };
		4494310A158EBB3900ADAE89 /* DDFileLogger.h */ = {isa = PBXFileReference; fileEncoding = 4; lastKnownFileType = sourcecode.c.h; path = DDFileLogger.h; sourceTree = "<group>"; };
		4494310B158EBB3900ADAE89 /* DDFileLogger.m */ = {isa = PBXFileReference; fileEncoding = 4; lastKnownFileType = sourcecode.c.objc; path = DDFileLogger.m; sourceTree = "<group>"; };
		4494310C158EBB3900ADAE89 /* DDLog.h */ = {isa = PBXFileReference; fileEncoding = 4; lastKnownFileType = sourcecode.c.h; path = DDLog.h; sourceTree = "<group>"; };
		4494310D158EBB3900ADAE89 /* DDLog.m */ = {isa = PBXFileReference; fileEncoding = 4; lastKnownFileType = sourcecode.c.objc; path = DDLog.m; sourceTree = "<group>"; };
		4494310E158EBB3900ADAE89 /* DDTTYLogger.h */ = {isa = PBXFileReference; fileEncoding = 4; lastKnownFileType = sourcecode.c.h; path = DDTTYLogger.h; sourceTree = "<group>"; };
		4494310F158EBB3A00ADAE89 /* DDTTYLogger.m */ = {isa = PBXFileReference; fileEncoding = 4; lastKnownFileType = sourcecode.c.objc; path = DDTTYLogger.m; sourceTree = "<group>"; };
		4494311A158EBBC500ADAE89 /* CFNetwork.framework */ = {isa = PBXFileReference; lastKnownFileType = wrapper.framework; name = CFNetwork.framework; path = System/Library/Frameworks/CFNetwork.framework; sourceTree = SDKROOT; };
		4494311C158EBBCB00ADAE89 /* Security.framework */ = {isa = PBXFileReference; lastKnownFileType = wrapper.framework; name = Security.framework; path = System/Library/Frameworks/Security.framework; sourceTree = SDKROOT; };
		44943132158F245A00ADAE89 /* index.html */ = {isa = PBXFileReference; fileEncoding = 4; lastKnownFileType = text.html; path = index.html; sourceTree = "<group>"; };
		44943139158F29B900ADAE89 /* MDHTTPConnection.h */ = {isa = PBXFileReference; fileEncoding = 4; lastKnownFileType = sourcecode.c.h; path = MDHTTPConnection.h; sourceTree = "<group>"; };
		4494313A158F29B900ADAE89 /* MDHTTPConnection.m */ = {isa = PBXFileReference; fileEncoding = 4; lastKnownFileType = sourcecode.c.objc; path = MDHTTPConnection.m; sourceTree = "<group>"; };
		44B2E99015B79E62006365E5 /* AudioIcon.png */ = {isa = PBXFileReference; lastKnownFileType = image.png; path = AudioIcon.png; sourceTree = "<group>"; };
		44B2E99115B79E62006365E5 /* AudioIcon@2x.png */ = {isa = PBXFileReference; lastKnownFileType = image.png; path = "AudioIcon@2x.png"; sourceTree = "<group>"; };
		44B2E99515B79E6F006365E5 /* ZipIcon.png */ = {isa = PBXFileReference; lastKnownFileType = image.png; path = ZipIcon.png; sourceTree = "<group>"; };
		44B2E99615B79E6F006365E5 /* ZipIcon@2x.png */ = {isa = PBXFileReference; lastKnownFileType = image.png; path = "ZipIcon@2x.png"; sourceTree = "<group>"; };
		44FD6E6315B6B5640006FC94 /* TabbarSettings.png */ = {isa = PBXFileReference; lastKnownFileType = image.png; path = TabbarSettings.png; sourceTree = "<group>"; };
		44FD6E6515B6B5710006FC94 /* TabbarSettings@2x.png */ = {isa = PBXFileReference; lastKnownFileType = image.png; path = "TabbarSettings@2x.png"; sourceTree = "<group>"; };
		44FD6E6915B6B6080006FC94 /* SliderTrackLeft.png */ = {isa = PBXFileReference; lastKnownFileType = image.png; path = SliderTrackLeft.png; sourceTree = "<group>"; };
		44FD6E6A15B6B6080006FC94 /* SliderTrackLeft@2x.png */ = {isa = PBXFileReference; lastKnownFileType = image.png; path = "SliderTrackLeft@2x.png"; sourceTree = "<group>"; };
		44FD6E6C15B6B6080006FC94 /* SliderTrackRight.png */ = {isa = PBXFileReference; lastKnownFileType = image.png; path = SliderTrackRight.png; sourceTree = "<group>"; };
		44FD6E6D15B6B6080006FC94 /* SliderTrackRight@2x.png */ = {isa = PBXFileReference; lastKnownFileType = image.png; path = "SliderTrackRight@2x.png"; sourceTree = "<group>"; };
		44FD6E7015B6B6080006FC94 /* MusicThumb.png */ = {isa = PBXFileReference; lastKnownFileType = image.png; path = MusicThumb.png; sourceTree = "<group>"; };
		44FD6E7115B6B6080006FC94 /* MusicThumb@2x.png */ = {isa = PBXFileReference; lastKnownFileType = image.png; path = "MusicThumb@2x.png"; sourceTree = "<group>"; };
		44FD6E7515B6B6080006FC94 /* SoundVolumeThumb.png */ = {isa = PBXFileReference; lastKnownFileType = image.png; path = SoundVolumeThumb.png; sourceTree = "<group>"; };
		44FD6E7615B6B6080006FC94 /* SoundVolumeThumb@2x.png */ = {isa = PBXFileReference; lastKnownFileType = image.png; path = "SoundVolumeThumb@2x.png"; sourceTree = "<group>"; };
		44FD6E7715B6B6080006FC94 /* SoundVolumeThumbHeightlight.png */ = {isa = PBXFileReference; lastKnownFileType = image.png; path = SoundVolumeThumbHeightlight.png; sourceTree = "<group>"; };
		44FD6E7815B6B6080006FC94 /* SoundVolumeThumbHeightlight@2x.png */ = {isa = PBXFileReference; lastKnownFileType = image.png; path = "SoundVolumeThumbHeightlight@2x.png"; sourceTree = "<group>"; };
		44FD6E7A15B6B6080006FC94 /* VideoThumb.png */ = {isa = PBXFileReference; lastKnownFileType = image.png; path = VideoThumb.png; sourceTree = "<group>"; };
		44FD6E7B15B6B6080006FC94 /* VideoThumb@2x.png */ = {isa = PBXFileReference; lastKnownFileType = image.png; path = "VideoThumb@2x.png"; sourceTree = "<group>"; };
/* End PBXFileReference section */

/* Begin PBXFrameworksBuildPhase section */
		44943094158EB4C000ADAE89 /* Frameworks */ = {
			isa = PBXFrameworksBuildPhase;
			buildActionMask = 2147483647;
			files = (
				4438B41115A4411D00248C72 /* CoreMedia.framework in Frameworks */,
				4416082315A29E9000770FF5 /* libz.dylib in Frameworks */,
				44538B00159D4D6200CE7730 /* AVFoundation.framework in Frameworks */,
				441AB99F159C766C00BAAA19 /* MediaPlayer.framework in Frameworks */,
				444FF9D6159AB6120033BB3B /* MobileCoreServices.framework in Frameworks */,
				4494311D158EBBCB00ADAE89 /* Security.framework in Frameworks */,
				4494311B158EBBC500ADAE89 /* CFNetwork.framework in Frameworks */,
				4494309C158EB4C000ADAE89 /* UIKit.framework in Frameworks */,
				4494309E158EB4C000ADAE89 /* Foundation.framework in Frameworks */,
				449430A0158EB4C000ADAE89 /* CoreGraphics.framework in Frameworks */,
			);
			runOnlyForDeploymentPostprocessing = 0;
		};
/* End PBXFrameworksBuildPhase section */

/* Begin PBXGroup section */
		4409B00915AFBDFE009F9DCE /* LaunchImage */ = {
			isa = PBXGroup;
			children = (
				4437A94E15B6552B0073E9C4 /* Default.png */,
				4437A94F15B6552B0073E9C4 /* Default@2x.png */,
			);
			path = LaunchImage;
			sourceTree = "<group>";
		};
		4409B01B15B00758009F9DCE /* Tabbar */ = {
			isa = PBXGroup;
			children = (
				44FD6E6315B6B5640006FC94 /* TabbarSettings.png */,
				44FD6E6515B6B5710006FC94 /* TabbarSettings@2x.png */,
				4409B03415B01B80009F9DCE /* TabbarFile.png */,
				4409B03515B01B80009F9DCE /* TabbarFile@2x.png */,
			);
			path = Tabbar;
			sourceTree = "<group>";
		};
		4409B03815B01F9F009F9DCE /* TableViewCell */ = {
			isa = PBXGroup;
			children = (
				443A5D9915B511F8000ADB4A /* TableCellThumb */,
				4409B03915B01F9F009F9DCE /* ImagePlaceholder.png */,
				4409B03A15B01F9F009F9DCE /* ImagePlaceholder@2x.png */,
			);
			path = TableViewCell;
			sourceTree = "<group>";
		};
		4409B04615B02E48009F9DCE /* SelectionImage */ = {
			isa = PBXGroup;
			children = (
				4409B05C15B03E99009F9DCE /* IsSelected.png */,
				4409B05D15B03E99009F9DCE /* IsSelected@2x.png */,
				4409B05E15B03E99009F9DCE /* NotSelected.png */,
				4409B05F15B03E99009F9DCE /* NotSelected@2x.png */,
			);
			path = SelectionImage;
			sourceTree = "<group>";
		};
		4416080F15A29E4A00770FF5 /* ZipLib */ = {
			isa = PBXGroup;
			children = (
				4416081115A29E6900770FF5 /* minizip */,
				4416081B15A29E6900770FF5 /* SSZipArchive.h */,
				4416081C15A29E6900770FF5 /* SSZipArchive.m */,
			);
			name = ZipLib;
			sourceTree = "<group>";
		};
		4416081115A29E6900770FF5 /* minizip */ = {
			isa = PBXGroup;
			children = (
				4416081215A29E6900770FF5 /* crypt.h */,
				4416081315A29E6900770FF5 /* ioapi.c */,
				4416081415A29E6900770FF5 /* ioapi.h */,
				4416081515A29E6900770FF5 /* mztools.c */,
				4416081615A29E6900770FF5 /* mztools.h */,
				4416081715A29E6900770FF5 /* unzip.c */,
				4416081815A29E6900770FF5 /* unzip.h */,
				4416081915A29E6900770FF5 /* zip.c */,
				4416081A15A29E6900770FF5 /* zip.h */,
			);
			path = minizip;
			sourceTree = "<group>";
		};
		4416082415A29EF900770FF5 /* UnzipView */ = {
			isa = PBXGroup;
			children = (
				4416082915A29F9A00770FF5 /* MDUnarchiveViewController.h */,
				4416082A15A29F9A00770FF5 /* MDUnarchiveViewController.m */,
				4416082C15A29FDD00770FF5 /* MDUnarchiveNavigationController.h */,
				4416082D15A29FDD00770FF5 /* MDUnarchiveNavigationController.m */,
			);
			name = UnzipView;
			sourceTree = "<group>";
		};
		4416082815A29F4C00770FF5 /* ThirdLib */ = {
			isa = PBXGroup;
			children = (
				4416080F15A29E4A00770FF5 /* ZipLib */,
			);
			name = ThirdLib;
			sourceTree = "<group>";
		};
		4416083B15A335B300770FF5 /* ProgressHUD */ = {
			isa = PBXGroup;
			children = (
				4416083715A32B0600770FF5 /* MDProgressViewController.h */,
				4416083815A32B0600770FF5 /* MDProgressViewController.m */,
				4438B40015A3E0F400248C72 /* MDProgressGradientView.h */,
				4438B40115A3E0F400248C72 /* MDProgressGradientView.m */,
			);
			name = ProgressHUD;
			sourceTree = "<group>";
		};
		441AB997159C747000BAAA19 /* AVPlayer */ = {
			isa = PBXGroup;
			children = (
				441AB99B159C75B600BAAA19 /* MDAVPlayerController.h */,
				441AB99C159C75B600BAAA19 /* MDAVPlayerController.m */,
			);
			name = AVPlayer;
			sourceTree = "<group>";
		};
		441B4F1415C01BB400801A8D /* Actions */ = {
			isa = PBXGroup;
			children = (
				441B4F1515C01BB400801A8D /* MDAction.h */,
				441B4F1615C01BB400801A8D /* MDAction.m */,
				441B4F1715C01BB400801A8D /* MDAddFolderAlertView.h */,
				441B4F1815C01BB400801A8D /* MDAddFolderAlertView.m */,
				441B4F1915C01BB400801A8D /* MDConfirmDeleteAlertView.h */,
				441B4F1A15C01BB400801A8D /* MDConfirmDeleteAlertView.m */,
				441B4F1B15C01BB400801A8D /* MDNonSelectedActionSheet.h */,
				441B4F1C15C01BB400801A8D /* MDNonSelectedActionSheet.m */,
				441B4F1D15C01BB400801A8D /* MDRenameAlertView.h */,
				441B4F1E15C01BB400801A8D /* MDRenameAlertView.m */,
				441B4F1F15C01BB400801A8D /* MDSelectedActionSheet.h */,
				441B4F2015C01BB400801A8D /* MDSelectedActionSheet.m */,
			);
			path = Actions;
			sourceTree = "<group>";
		};
		44296A8E15C0FEFB004380DD /* Icon */ = {
			isa = PBXGroup;
			children = (
				44296A8F15C0FEFB004380DD /* Icon-72.png */,
				44296A9015C0FEFB004380DD /* Icon-Small-50.png */,
				44296A9115C0FEFB004380DD /* Icon-Small.png */,
				44296A9215C0FEFB004380DD /* Icon-Small@2x.png */,
				44296A9315C0FEFB004380DD /* Icon.png */,
				44296A9415C0FEFB004380DD /* Icon@2x.png */,
				44296A9515C0FEFB004380DD /* iTunesArtwork */,
			);
			path = Icon;
			sourceTree = "<group>";
		};
		4430AA0A15B3B836008E6D2F /* MusicCover */ = {
			isa = PBXGroup;
			children = (
				4430AA0B15B3B836008E6D2F /* MusicCover.png */,
				4430AA0C15B3B836008E6D2F /* MusicCover@2x.png */,
			);
			path = MusicCover;
			sourceTree = "<group>";
		};
		4430AA1015B3B9F3008E6D2F /* Passcode */ = {
			isa = PBXGroup;
			children = (
				4430AA1115B3B9F3008E6D2F /* DigitalBackground */,
				4430AA1315B3B9F3008E6D2F /* PasscodePattern */,
			);
			path = Passcode;
			sourceTree = "<group>";
		};
		4430AA1115B3B9F3008E6D2F /* DigitalBackground */ = {
			isa = PBXGroup;
			children = (
				443EE91815B5477B008801F3 /* DigitalBackground.png */,
				443EE91A15B54785008801F3 /* DigitalBackground@2x.png */,
			);
			path = DigitalBackground;
			sourceTree = "<group>";
		};
		4430AA1315B3B9F3008E6D2F /* PasscodePattern */ = {
			isa = PBXGroup;
			children = (
				443EE91615B54701008801F3 /* PasscodePattern.png */,
				443EE91415B546F6008801F3 /* PasscodePattern@2x.png */,
			);
			path = PasscodePattern;
			sourceTree = "<group>";
		};
		44354DF815A5727C00BFE4E4 /* Passcode */ = {
			isa = PBXGroup;
			children = (
				44354DFC15A572FB00BFE4E4 /* MDPasscodeViewController.h */,
				44354DFD15A572FB00BFE4E4 /* MDPasscodeViewController.m */,
			);
			name = Passcode;
			sourceTree = "<group>";
		};
		443A5D9915B511F8000ADB4A /* TableCellThumb */ = {
			isa = PBXGroup;
			children = (
				44B2E99415B79E6F006365E5 /* Archive */,
				443A5D9A15B511F8000ADB4A /* Audio */,
				443A5D9D15B511F8000ADB4A /* Document */,
				443A5DA015B511F8000ADB4A /* Folder */,
				443A5DA315B511F8000ADB4A /* Image */,
				443A5DA615B511F8000ADB4A /* TextDocument */,
				443A5DA915B511F8000ADB4A /* Unknow */,
				443A5DAC15B511F8000ADB4A /* Video */,
			);
			path = TableCellThumb;
			sourceTree = "<group>";
		};
		443A5D9A15B511F8000ADB4A /* Audio */ = {
			isa = PBXGroup;
			children = (
				44B2E99015B79E62006365E5 /* AudioIcon.png */,
				44B2E99115B79E62006365E5 /* AudioIcon@2x.png */,
			);
			path = Audio;
			sourceTree = "<group>";
		};
		443A5D9D15B511F8000ADB4A /* Document */ = {
			isa = PBXGroup;
			children = (
				443A5D9E15B511F8000ADB4A /* DocumentIcon.png */,
				443A5D9F15B511F8000ADB4A /* DocumentIcon@2x.png */,
			);
			path = Document;
			sourceTree = "<group>";
		};
		443A5DA015B511F8000ADB4A /* Folder */ = {
			isa = PBXGroup;
			children = (
				443A5DA115B511F8000ADB4A /* FolderIcon.png */,
				443A5DA215B511F8000ADB4A /* FolderIcon@2x.png */,
			);
			path = Folder;
			sourceTree = "<group>";
		};
		443A5DA315B511F8000ADB4A /* Image */ = {
			isa = PBXGroup;
			children = (
				443A5DA415B511F8000ADB4A /* ImageIcon.png */,
				443A5DA515B511F8000ADB4A /* ImageIcon@2x.png */,
			);
			path = Image;
			sourceTree = "<group>";
		};
		443A5DA615B511F8000ADB4A /* TextDocument */ = {
			isa = PBXGroup;
			children = (
				443A5DA715B511F8000ADB4A /* TextDocumentIcon.png */,
				443A5DA815B511F8000ADB4A /* TextDocumentIcon@2x.png */,
			);
			path = TextDocument;
			sourceTree = "<group>";
		};
		443A5DA915B511F8000ADB4A /* Unknow */ = {
			isa = PBXGroup;
			children = (
				443A5DAA15B511F8000ADB4A /* UnknowIcon.png */,
				443A5DAB15B511F8000ADB4A /* UnknowIcon@2x.png */,
			);
			path = Unknow;
			sourceTree = "<group>";
		};
		443A5DAC15B511F8000ADB4A /* Video */ = {
			isa = PBXGroup;
			children = (
				443A5DAD15B511F8000ADB4A /* FilmIcon.png */,
				443A5DAE15B511F8000ADB4A /* FilmIcon@2x.png */,
			);
			path = Video;
			sourceTree = "<group>";
		};
		443ACDFE1592EF76008B4DF2 /* Files */ = {
			isa = PBXGroup;
			children = (
				443ACE061592F395008B4DF2 /* MDFilesNavigationController.h */,
				443ACE071592F395008B4DF2 /* MDFilesNavigationController.m */,
				443ACE091592F52E008B4DF2 /* MDFilesViewController.h */,
				443ACE0A1592F52E008B4DF2 /* MDFilesViewController.m */,
				443ACE0C1593018D008B4DF2 /* MDFiles.h */,
				443ACE0D1593018D008B4DF2 /* MDFiles.m */,
				443D004A159410CD008CCCBE /* MDFilesTableViewCell.h */,
				443D004B159410CD008CCCBE /* MDFilesTableViewCell.m */,
				445D13EB1599391300B7D777 /* MDMoveFilesViewController.h */,
				445D13EC1599391300B7D777 /* MDMoveFilesViewController.m */,
				445D13EF15993AAB00B7D777 /* MDMoveFilesNavigationController.h */,
				445D13F015993AAB00B7D777 /* MDMoveFilesNavigationController.m */,
			);
			name = Files;
			sourceTree = "<group>";
		};
		4440BB5E1591A9190073BBAA /* Settings */ = {
			isa = PBXGroup;
			children = (
				4440BB601591A9740073BBAA /* MDSettingsViewController.h */,
				4440BB611591A9740073BBAA /* MDSettingsViewController.m */,
				44421C2615A67980002B0F60 /* MDChangePasscodeController.h */,
				44421C2715A67980002B0F60 /* MDChangePasscodeController.m */,
			);
			name = Settings;
			sourceTree = "<group>";
		};
		4440BB6F1591B8010073BBAA /* IP-Resolver */ = {
			isa = PBXGroup;
			children = (
				4440BB701591B8360073BBAA /* IPResolver.h */,
				4440BB711591B8360073BBAA /* IPResolver.m */,
			);
			name = "IP-Resolver";
			sourceTree = "<group>";
		};
		44489AB015AA650900FA055D /* Images */ = {
			isa = PBXGroup;
			children = (
				44296A8E15C0FEFB004380DD /* Icon */,
				44FD6E6715B6B6080006FC94 /* Slider */,
				4430AA1015B3B9F3008E6D2F /* Passcode */,
				4430AA0A15B3B836008E6D2F /* MusicCover */,
				4409B04615B02E48009F9DCE /* SelectionImage */,
				4409B03815B01F9F009F9DCE /* TableViewCell */,
				4409B01B15B00758009F9DCE /* Tabbar */,
				4409B00915AFBDFE009F9DCE /* LaunchImage */,
				44489AB215AA653000FA055D /* TableCellGradient.png */,
			);
			name = Images;
			sourceTree = "<group>";
		};
		444904E315BFB6B00088B947 /* DeletingHUD */ = {
			isa = PBXGroup;
			children = (
				444904E515BFB71C0088B947 /* MDDeletingViewController.h */,
				444904E615BFB71C0088B947 /* MDDeletingViewController.m */,
			);
			name = DeletingHUD;
			sourceTree = "<group>";
		};
		444FF9CF159A9FC60033BB3B /* SupportedFilePlist */ = {
			isa = PBXGroup;
			children = (
				444FF9D3159AA0770033BB3B /* MobileDiskInfo.plist */,
			);
			name = SupportedFilePlist;
			sourceTree = "<group>";
		};
		444FF9D7159AD4200033BB3B /* FileSupporter */ = {
			isa = PBXGroup;
			children = (
				444FF9D8159AD45F0033BB3B /* MDFileSupporter.h */,
				444FF9D9159AD45F0033BB3B /* MDFileSupporter.m */,
			);
			name = FileSupporter;
			sourceTree = "<group>";
		};
		444FF9E0159B2BCD0033BB3B /* DocumentViewer */ = {
			isa = PBXGroup;
			children = (
				444FF9E1159B2BF70033BB3B /* MDDocumentViewController.h */,
				444FF9E2159B2BF70033BB3B /* MDDocumentViewController.m */,
			);
			name = DocumentViewer;
			sourceTree = "<group>";
		};
		44538AED159D31CB00CE7730 /* MusicPlayer */ = {
			isa = PBXGroup;
			children = (
				44538AFC159D4D4200CE7730 /* MDMusicPlayerController.h */,
				44538AFD159D4D4200CE7730 /* MDMusicPlayerController.m */,
				4424E2BF15A137A300A430D4 /* MDTimelineView.h */,
				4424E2C015A137A300A430D4 /* MDTimelineView.m */,
			);
			name = MusicPlayer;
			sourceTree = "<group>";
		};
		447CD7E8159C047600464D28 /* ImageViewer */ = {
			isa = PBXGroup;
			children = (
				447CD7EA159C04AE00464D28 /* MDImageViewerController.h */,
				447CD7EB159C04AE00464D28 /* MDImageViewerController.m */,
				447CD7ED159C37A700464D28 /* UIImage+Resize.h */,
				447CD7EE159C37A700464D28 /* UIImage+Resize.m */,
				441AB98F159C646B00BAAA19 /* MDScrollView.h */,
				441AB990159C646B00BAAA19 /* MDScrollView.m */,
			);
			name = ImageViewer;
			sourceTree = "<group>";
		};
		4494308C158EB4C000ADAE89 = {
			isa = PBXGroup;
			children = (
				449430A1158EB4C000ADAE89 /* MobileDisk */,
				4494309A158EB4C000ADAE89 /* Frameworks */,
				44943098158EB4C000ADAE89 /* Products */,
			);
			sourceTree = "<group>";
		};
		44943098158EB4C000ADAE89 /* Products */ = {
			isa = PBXGroup;
			children = (
				44943097158EB4C000ADAE89 /* MobileDisk.app */,
			);
			name = Products;
			sourceTree = "<group>";
		};
		4494309A158EB4C000ADAE89 /* Frameworks */ = {
			isa = PBXGroup;
			children = (
				4438B41015A4411D00248C72 /* CoreMedia.framework */,
				44538AFF159D4D6200CE7730 /* AVFoundation.framework */,
				441AB99E159C766C00BAAA19 /* MediaPlayer.framework */,
				444FF9D5159AB6120033BB3B /* MobileCoreServices.framework */,
				4494311C158EBBCB00ADAE89 /* Security.framework */,
				4494311A158EBBC500ADAE89 /* CFNetwork.framework */,
				4494309B158EB4C000ADAE89 /* UIKit.framework */,
				4494309D158EB4C000ADAE89 /* Foundation.framework */,
				4494309F158EB4C000ADAE89 /* CoreGraphics.framework */,
			);
			name = Frameworks;
			sourceTree = "<group>";
		};
		449430A1158EB4C000ADAE89 /* MobileDisk */ = {
			isa = PBXGroup;
			children = (
				44489AB015AA650900FA055D /* Images */,
				4416082815A29F4C00770FF5 /* ThirdLib */,
				44354DF815A5727C00BFE4E4 /* Passcode */,
				441B4F1415C01BB400801A8D /* Actions */,
				444904E315BFB6B00088B947 /* DeletingHUD */,
				4416083B15A335B300770FF5 /* ProgressHUD */,
				4416082415A29EF900770FF5 /* UnzipView */,
				44538AED159D31CB00CE7730 /* MusicPlayer */,
				441AB997159C747000BAAA19 /* AVPlayer */,
				447CD7E8159C047600464D28 /* ImageViewer */,
				444FF9E0159B2BCD0033BB3B /* DocumentViewer */,
				444FF9D7159AD4200033BB3B /* FileSupporter */,
				443ACDFE1592EF76008B4DF2 /* Files */,
				4440BB5E1591A9190073BBAA /* Settings */,
				449430AA158EB4C000ADAE89 /* MobileDiskAppDelegate.h */,
				449430AB158EB4C100ADAE89 /* MobileDiskAppDelegate.m */,
				449430AD158EB4C100ADAE89 /* MainStoryboard.storyboard */,
				449430B0158EB4C100ADAE89 /* MobileDiskViewController.h */,
				449430B1158EB4C100ADAE89 /* MobileDiskViewController.m */,
				4409B00E15AFBF76009F9DCE /* MDForegroundViewController.h */,
				4409B00F15AFBF76009F9DCE /* MDForegroundViewController.m */,
				442CF31715D34C550056FB61 /* MDLicenseAgreementViewController.h */,
				442CF31815D34C550056FB61 /* MDLicenseAgreementViewController.m */,
				449430B8158EB4E500ADAE89 /* HttpServer */,
				449430A2158EB4C000ADAE89 /* Supporting Files */,
			);
			path = MobileDisk;
			sourceTree = "<group>";
		};
		449430A2158EB4C000ADAE89 /* Supporting Files */ = {
			isa = PBXGroup;
			children = (
				4416082215A29E9000770FF5 /* libz.dylib */,
				4437BB6F159EA2D100F3C8E7 /* dummy.mp3 */,
				444FF9CF159A9FC60033BB3B /* SupportedFilePlist */,
				44943132158F245A00ADAE89 /* index.html */,
				449430A3158EB4C000ADAE89 /* MobileDisk-Info.plist */,
				449430A4158EB4C000ADAE89 /* InfoPlist.strings */,
				449430A7158EB4C000ADAE89 /* main.m */,
				449430A9158EB4C000ADAE89 /* MobileDisk-Prefix.pch */,
			);
			name = "Supporting Files";
			sourceTree = "<group>";
		};
		449430B8158EB4E500ADAE89 /* HttpServer */ = {
			isa = PBXGroup;
			children = (
				4440BB6F1591B8010073BBAA /* IP-Resolver */,
				44943138158F296900ADAE89 /* CustomHTTPConnection */,
				44943115158EBB6700ADAE89 /* Logging */,
				449430D1158EB8AD00ADAE89 /* Categories */,
				449430D8158EB8AD00ADAE89 /* HTTPAuthenticationRequest.h */,
				449430D9158EB8AD00ADAE89 /* HTTPAuthenticationRequest.m */,
				449430DA158EB8AD00ADAE89 /* HTTPConnection.h */,
				449430DB158EB8AD00ADAE89 /* HTTPConnection.m */,
				449430DC158EB8AD00ADAE89 /* HTTPLogging.h */,
				449430DD158EB8AD00ADAE89 /* HTTPMessage.h */,
				449430DE158EB8AD00ADAE89 /* HTTPMessage.m */,
				449430DF158EB8AD00ADAE89 /* HTTPResponse.h */,
				449430E0158EB8AD00ADAE89 /* HTTPServer.h */,
				449430E1158EB8AD00ADAE89 /* HTTPServer.m */,
				449430E2158EB8AD00ADAE89 /* Mime */,
				449430E9158EB8AD00ADAE89 /* Responses */,
				449430F4158EB8AD00ADAE89 /* WebSocket.h */,
				449430F5158EB8AD00ADAE89 /* WebSocket.m */,
				449430BD158EB55C00ADAE89 /* TCP */,
			);
			name = HttpServer;
			sourceTree = "<group>";
		};
		449430BD158EB55C00ADAE89 /* TCP */ = {
			isa = PBXGroup;
			children = (
				449430BE158EB57D00ADAE89 /* GCDAsyncSocket.h */,
				449430BF158EB57D00ADAE89 /* GCDAsyncSocket.m */,
			);
			name = TCP;
			sourceTree = "<group>";
		};
		449430D1158EB8AD00ADAE89 /* Categories */ = {
			isa = PBXGroup;
			children = (
				449430D2158EB8AD00ADAE89 /* DDData.h */,
				449430D3158EB8AD00ADAE89 /* DDData.m */,
				449430D4158EB8AD00ADAE89 /* DDNumber.h */,
				449430D5158EB8AD00ADAE89 /* DDNumber.m */,
				449430D6158EB8AD00ADAE89 /* DDRange.h */,
				449430D7158EB8AD00ADAE89 /* DDRange.m */,
			);
			path = Categories;
			sourceTree = "<group>";
		};
		449430E2158EB8AD00ADAE89 /* Mime */ = {
			isa = PBXGroup;
			children = (
				449430E3158EB8AD00ADAE89 /* MultipartFormDataParser.h */,
				449430E4158EB8AD00ADAE89 /* MultipartFormDataParser.m */,
				449430E5158EB8AD00ADAE89 /* MultipartMessageHeader.h */,
				449430E6158EB8AD00ADAE89 /* MultipartMessageHeader.m */,
				449430E7158EB8AD00ADAE89 /* MultipartMessageHeaderField.h */,
				449430E8158EB8AD00ADAE89 /* MultipartMessageHeaderField.m */,
			);
			path = Mime;
			sourceTree = "<group>";
		};
		449430E9158EB8AD00ADAE89 /* Responses */ = {
			isa = PBXGroup;
			children = (
				449430EA158EB8AD00ADAE89 /* HTTPAsyncFileResponse.h */,
				449430EB158EB8AD00ADAE89 /* HTTPAsyncFileResponse.m */,
				449430EC158EB8AD00ADAE89 /* HTTPDataResponse.h */,
				449430ED158EB8AD00ADAE89 /* HTTPDataResponse.m */,
				449430EE158EB8AD00ADAE89 /* HTTPDynamicFileResponse.h */,
				449430EF158EB8AD00ADAE89 /* HTTPDynamicFileResponse.m */,
				449430F0158EB8AD00ADAE89 /* HTTPFileResponse.h */,
				449430F1158EB8AD00ADAE89 /* HTTPFileResponse.m */,
				449430F2158EB8AD00ADAE89 /* HTTPRedirectResponse.h */,
				449430F3158EB8AD00ADAE89 /* HTTPRedirectResponse.m */,
			);
			path = Responses;
			sourceTree = "<group>";
		};
		44943115158EBB6700ADAE89 /* Logging */ = {
			isa = PBXGroup;
			children = (
				44943106158EBB3900ADAE89 /* DDAbstractDatabaseLogger.h */,
				44943107158EBB3900ADAE89 /* DDAbstractDatabaseLogger.m */,
				44943108158EBB3900ADAE89 /* DDASLLogger.h */,
				44943109158EBB3900ADAE89 /* DDASLLogger.m */,
				4494310A158EBB3900ADAE89 /* DDFileLogger.h */,
				4494310B158EBB3900ADAE89 /* DDFileLogger.m */,
				4494310C158EBB3900ADAE89 /* DDLog.h */,
				4494310D158EBB3900ADAE89 /* DDLog.m */,
				4494310E158EBB3900ADAE89 /* DDTTYLogger.h */,
				4494310F158EBB3A00ADAE89 /* DDTTYLogger.m */,
			);
			name = Logging;
			sourceTree = "<group>";
		};
		44943138158F296900ADAE89 /* CustomHTTPConnection */ = {
			isa = PBXGroup;
			children = (
				44943139158F29B900ADAE89 /* MDHTTPConnection.h */,
				4494313A158F29B900ADAE89 /* MDHTTPConnection.m */,
			);
			name = CustomHTTPConnection;
			sourceTree = "<group>";
		};
		44B2E99415B79E6F006365E5 /* Archive */ = {
			isa = PBXGroup;
			children = (
				44B2E99515B79E6F006365E5 /* ZipIcon.png */,
				44B2E99615B79E6F006365E5 /* ZipIcon@2x.png */,
			);
			path = Archive;
			sourceTree = "<group>";
		};
		44FD6E6715B6B6080006FC94 /* Slider */ = {
			isa = PBXGroup;
			children = (
				44FD6E6815B6B6080006FC94 /* TrackLeft */,
				44FD6E6B15B6B6080006FC94 /* TrackRight */,
				44FD6E6E15B6B6080006FC94 /* TrackThumb */,
			);
			path = Slider;
			sourceTree = "<group>";
		};
		44FD6E6815B6B6080006FC94 /* TrackLeft */ = {
			isa = PBXGroup;
			children = (
				44FD6E6915B6B6080006FC94 /* SliderTrackLeft.png */,
				44FD6E6A15B6B6080006FC94 /* SliderTrackLeft@2x.png */,
			);
			path = TrackLeft;
			sourceTree = "<group>";
		};
		44FD6E6B15B6B6080006FC94 /* TrackRight */ = {
			isa = PBXGroup;
			children = (
				44FD6E6C15B6B6080006FC94 /* SliderTrackRight.png */,
				44FD6E6D15B6B6080006FC94 /* SliderTrackRight@2x.png */,
			);
			path = TrackRight;
			sourceTree = "<group>";
		};
		44FD6E6E15B6B6080006FC94 /* TrackThumb */ = {
			isa = PBXGroup;
			children = (
				44FD6E6F15B6B6080006FC94 /* MusicThumb */,
				44FD6E7415B6B6080006FC94 /* SoundVolumeThumb */,
				44FD6E7915B6B6080006FC94 /* VideoThumb */,
			);
			path = TrackThumb;
			sourceTree = "<group>";
		};
		44FD6E6F15B6B6080006FC94 /* MusicThumb */ = {
			isa = PBXGroup;
			children = (
				44FD6E7015B6B6080006FC94 /* MusicThumb.png */,
				44FD6E7115B6B6080006FC94 /* MusicThumb@2x.png */,
				4439E1FB15B6C60200EE8C05 /* MusicThumbHeightlight.png */,
				4439E1F915B6C5F400EE8C05 /* MusicThumbHeightlight@2x.png */,
			);
			path = MusicThumb;
			sourceTree = "<group>";
		};
		44FD6E7415B6B6080006FC94 /* SoundVolumeThumb */ = {
			isa = PBXGroup;
			children = (
				44FD6E7515B6B6080006FC94 /* SoundVolumeThumb.png */,
				44FD6E7615B6B6080006FC94 /* SoundVolumeThumb@2x.png */,
				44FD6E7715B6B6080006FC94 /* SoundVolumeThumbHeightlight.png */,
				44FD6E7815B6B6080006FC94 /* SoundVolumeThumbHeightlight@2x.png */,
			);
			path = SoundVolumeThumb;
			sourceTree = "<group>";
		};
		44FD6E7915B6B6080006FC94 /* VideoThumb */ = {
			isa = PBXGroup;
			children = (
				44FD6E7A15B6B6080006FC94 /* VideoThumb.png */,
				44FD6E7B15B6B6080006FC94 /* VideoThumb@2x.png */,
				4439E1FF15B6C61C00EE8C05 /* VideoThumbHeightlight.png */,
				4439E1FD15B6C61200EE8C05 /* VideoThumbHeightlight@2x.png */,
			);
			path = VideoThumb;
			sourceTree = "<group>";
		};
/* End PBXGroup section */

/* Begin PBXNativeTarget section */
		44943096158EB4C000ADAE89 /* MobileDisk */ = {
			isa = PBXNativeTarget;
			buildConfigurationList = 449430B5158EB4C100ADAE89 /* Build configuration list for PBXNativeTarget "MobileDisk" */;
			buildPhases = (
				44943093158EB4C000ADAE89 /* Sources */,
				44943094158EB4C000ADAE89 /* Frameworks */,
				44943095158EB4C000ADAE89 /* Resources */,
			);
			buildRules = (
			);
			dependencies = (
			);
			name = MobileDisk;
			productName = MobileDisk;
			productReference = 44943097158EB4C000ADAE89 /* MobileDisk.app */;
			productType = "com.apple.product-type.application";
		};
/* End PBXNativeTarget section */

/* Begin PBXProject section */
		4494308E158EB4C000ADAE89 /* Project object */ = {
			isa = PBXProject;
			attributes = {
				CLASSPREFIX = MobileDisk;
				LastUpgradeCheck = 0430;
			};
			buildConfigurationList = 44943091158EB4C000ADAE89 /* Build configuration list for PBXProject "MobileDisk" */;
			compatibilityVersion = "Xcode 3.2";
			developmentRegion = English;
			hasScannedForEncodings = 0;
			knownRegions = (
				en,
			);
			mainGroup = 4494308C158EB4C000ADAE89;
			productRefGroup = 44943098158EB4C000ADAE89 /* Products */;
			projectDirPath = "";
			projectRoot = "";
			targets = (
				44943096158EB4C000ADAE89 /* MobileDisk */,
			);
		};
/* End PBXProject section */

/* Begin PBXResourcesBuildPhase section */
		44943095158EB4C000ADAE89 /* Resources */ = {
			isa = PBXResourcesBuildPhase;
			buildActionMask = 2147483647;
			files = (
				449430A6158EB4C000ADAE89 /* InfoPlist.strings in Resources */,
				449430AF158EB4C100ADAE89 /* MainStoryboard.storyboard in Resources */,
				44943133158F245A00ADAE89 /* index.html in Resources */,
				444FF9D4159AA0770033BB3B /* MobileDiskInfo.plist in Resources */,
				4437BB70159EA2D100F3C8E7 /* dummy.mp3 in Resources */,
				44489AB315AA653000FA055D /* TableCellGradient.png in Resources */,
				4409B03615B01B80009F9DCE /* TabbarFile.png in Resources */,
				4409B03715B01B80009F9DCE /* TabbarFile@2x.png in Resources */,
				4409B03B15B01F9F009F9DCE /* ImagePlaceholder.png in Resources */,
				4409B03C15B01F9F009F9DCE /* ImagePlaceholder@2x.png in Resources */,
				4409B06015B03E99009F9DCE /* IsSelected.png in Resources */,
				4409B06115B03E99009F9DCE /* IsSelected@2x.png in Resources */,
				4409B06215B03E99009F9DCE /* NotSelected.png in Resources */,
				4409B06315B03E99009F9DCE /* NotSelected@2x.png in Resources */,
				4430AA0D15B3B836008E6D2F /* MusicCover.png in Resources */,
				4430AA0E15B3B836008E6D2F /* MusicCover@2x.png in Resources */,
				443A5DB115B511F8000ADB4A /* DocumentIcon.png in Resources */,
				443A5DB215B511F8000ADB4A /* DocumentIcon@2x.png in Resources */,
				443A5DB315B511F8000ADB4A /* FolderIcon.png in Resources */,
				443A5DB415B511F8000ADB4A /* FolderIcon@2x.png in Resources */,
				443A5DB515B511F8000ADB4A /* ImageIcon.png in Resources */,
				443A5DB615B511F8000ADB4A /* ImageIcon@2x.png in Resources */,
				443A5DB715B511F8000ADB4A /* TextDocumentIcon.png in Resources */,
				443A5DB815B511F8000ADB4A /* TextDocumentIcon@2x.png in Resources */,
				443A5DB915B511F8000ADB4A /* UnknowIcon.png in Resources */,
				443A5DBA15B511F8000ADB4A /* UnknowIcon@2x.png in Resources */,
				443A5DBB15B511F8000ADB4A /* FilmIcon.png in Resources */,
				443A5DBC15B511F8000ADB4A /* FilmIcon@2x.png in Resources */,
				443EE91515B546F6008801F3 /* PasscodePattern@2x.png in Resources */,
				443EE91715B54701008801F3 /* PasscodePattern.png in Resources */,
				443EE91915B5477B008801F3 /* DigitalBackground.png in Resources */,
				443EE91B15B54785008801F3 /* DigitalBackground@2x.png in Resources */,
				4437A95015B6552B0073E9C4 /* Default.png in Resources */,
				4437A95115B6552B0073E9C4 /* Default@2x.png in Resources */,
				44FD6E6415B6B5640006FC94 /* TabbarSettings.png in Resources */,
				44FD6E6615B6B5710006FC94 /* TabbarSettings@2x.png in Resources */,
				44FD6E7E15B6B6080006FC94 /* SliderTrackLeft.png in Resources */,
				44FD6E7F15B6B6080006FC94 /* SliderTrackLeft@2x.png in Resources */,
				44FD6E8015B6B6080006FC94 /* SliderTrackRight.png in Resources */,
				44FD6E8115B6B6080006FC94 /* SliderTrackRight@2x.png in Resources */,
				44FD6E8215B6B6080006FC94 /* MusicThumb.png in Resources */,
				44FD6E8315B6B6080006FC94 /* MusicThumb@2x.png in Resources */,
				44FD6E8615B6B6080006FC94 /* SoundVolumeThumb.png in Resources */,
				44FD6E8715B6B6080006FC94 /* SoundVolumeThumb@2x.png in Resources */,
				44FD6E8815B6B6080006FC94 /* SoundVolumeThumbHeightlight.png in Resources */,
				44FD6E8915B6B6080006FC94 /* SoundVolumeThumbHeightlight@2x.png in Resources */,
				44FD6E8A15B6B6080006FC94 /* VideoThumb.png in Resources */,
				44FD6E8B15B6B6080006FC94 /* VideoThumb@2x.png in Resources */,
				4439E1FA15B6C5F400EE8C05 /* MusicThumbHeightlight@2x.png in Resources */,
				4439E1FC15B6C60200EE8C05 /* MusicThumbHeightlight.png in Resources */,
				4439E1FE15B6C61200EE8C05 /* VideoThumbHeightlight@2x.png in Resources */,
				4439E20015B6C61C00EE8C05 /* VideoThumbHeightlight.png in Resources */,
				44B2E99215B79E62006365E5 /* AudioIcon.png in Resources */,
				44B2E99315B79E62006365E5 /* AudioIcon@2x.png in Resources */,
				44B2E99715B79E6F006365E5 /* ZipIcon.png in Resources */,
				44B2E99815B79E6F006365E5 /* ZipIcon@2x.png in Resources */,
				44296A9615C0FEFB004380DD /* Icon-72.png in Resources */,
				44296A9715C0FEFB004380DD /* Icon-Small-50.png in Resources */,
				44296A9815C0FEFB004380DD /* Icon-Small.png in Resources */,
				44296A9915C0FEFB004380DD /* Icon-Small@2x.png in Resources */,
				44296A9A15C0FEFB004380DD /* Icon.png in Resources */,
				44296A9B15C0FEFB004380DD /* Icon@2x.png in Resources */,
				44296A9C15C0FEFB004380DD /* iTunesArtwork in Resources */,
			);
			runOnlyForDeploymentPostprocessing = 0;
		};
/* End PBXResourcesBuildPhase section */

/* Begin PBXSourcesBuildPhase section */
		44943093158EB4C000ADAE89 /* Sources */ = {
			isa = PBXSourcesBuildPhase;
			buildActionMask = 2147483647;
			files = (
				449430A8158EB4C000ADAE89 /* main.m in Sources */,
				449430AC158EB4C100ADAE89 /* MobileDiskAppDelegate.m in Sources */,
				449430B2158EB4C100ADAE89 /* MobileDiskViewController.m in Sources */,
				449430C0158EB57D00ADAE89 /* GCDAsyncSocket.m in Sources */,
				449430F6158EB8AD00ADAE89 /* DDData.m in Sources */,
				449430F7158EB8AD00ADAE89 /* DDNumber.m in Sources */,
				449430F8158EB8AD00ADAE89 /* DDRange.m in Sources */,
				449430F9158EB8AD00ADAE89 /* HTTPAuthenticationRequest.m in Sources */,
				449430FA158EB8AD00ADAE89 /* HTTPConnection.m in Sources */,
				449430FB158EB8AD00ADAE89 /* HTTPMessage.m in Sources */,
				449430FC158EB8AD00ADAE89 /* HTTPServer.m in Sources */,
				449430FD158EB8AD00ADAE89 /* MultipartFormDataParser.m in Sources */,
				449430FE158EB8AD00ADAE89 /* MultipartMessageHeader.m in Sources */,
				449430FF158EB8AD00ADAE89 /* MultipartMessageHeaderField.m in Sources */,
				44943100158EB8AD00ADAE89 /* HTTPAsyncFileResponse.m in Sources */,
				44943101158EB8AD00ADAE89 /* HTTPDataResponse.m in Sources */,
				44943102158EB8AD00ADAE89 /* HTTPDynamicFileResponse.m in Sources */,
				44943103158EB8AD00ADAE89 /* HTTPFileResponse.m in Sources */,
				44943104158EB8AD00ADAE89 /* HTTPRedirectResponse.m in Sources */,
				44943105158EB8AD00ADAE89 /* WebSocket.m in Sources */,
				44943110158EBB3A00ADAE89 /* DDAbstractDatabaseLogger.m in Sources */,
				44943111158EBB3A00ADAE89 /* DDASLLogger.m in Sources */,
				44943112158EBB3A00ADAE89 /* DDFileLogger.m in Sources */,
				44943113158EBB3A00ADAE89 /* DDLog.m in Sources */,
				44943114158EBB3A00ADAE89 /* DDTTYLogger.m in Sources */,
				4494313B158F29B900ADAE89 /* MDHTTPConnection.m in Sources */,
				4440BB621591A9740073BBAA /* MDSettingsViewController.m in Sources */,
				4440BB721591B8360073BBAA /* IPResolver.m in Sources */,
				443ACE081592F395008B4DF2 /* MDFilesNavigationController.m in Sources */,
				443ACE0B1592F52E008B4DF2 /* MDFilesViewController.m in Sources */,
				443ACE0E1593018D008B4DF2 /* MDFiles.m in Sources */,
				443D004C159410CD008CCCBE /* MDFilesTableViewCell.m in Sources */,
				445D13ED1599391300B7D777 /* MDMoveFilesViewController.m in Sources */,
				445D13F115993AAB00B7D777 /* MDMoveFilesNavigationController.m in Sources */,
				444FF9DA159AD45F0033BB3B /* MDFileSupporter.m in Sources */,
				444FF9E3159B2BF70033BB3B /* MDDocumentViewController.m in Sources */,
				447CD7EC159C04AE00464D28 /* MDImageViewerController.m in Sources */,
				447CD7EF159C37A700464D28 /* UIImage+Resize.m in Sources */,
				441AB991159C646B00BAAA19 /* MDScrollView.m in Sources */,
				441AB99D159C75B600BAAA19 /* MDAVPlayerController.m in Sources */,
				44538AFE159D4D4200CE7730 /* MDMusicPlayerController.m in Sources */,
				4424E2C115A137A300A430D4 /* MDTimelineView.m in Sources */,
				4416081D15A29E6900770FF5 /* ioapi.c in Sources */,
				4416081E15A29E6900770FF5 /* mztools.c in Sources */,
				4416081F15A29E6900770FF5 /* unzip.c in Sources */,
				4416082015A29E6900770FF5 /* zip.c in Sources */,
				4416082115A29E6900770FF5 /* SSZipArchive.m in Sources */,
				4416082B15A29F9A00770FF5 /* MDUnarchiveViewController.m in Sources */,
				4416082E15A29FDD00770FF5 /* MDUnarchiveNavigationController.m in Sources */,
				4416083915A32B0600770FF5 /* MDProgressViewController.m in Sources */,
				4438B40215A3E0F400248C72 /* MDProgressGradientView.m in Sources */,
				44354DFE15A572FB00BFE4E4 /* MDPasscodeViewController.m in Sources */,
				44421C2815A67980002B0F60 /* MDChangePasscodeController.m in Sources */,
				4409B01015AFBF76009F9DCE /* MDForegroundViewController.m in Sources */,
				444904E715BFB71C0088B947 /* MDDeletingViewController.m in Sources */,
				441B4F2115C01BB400801A8D /* MDAction.m in Sources */,
				441B4F2215C01BB400801A8D /* MDAddFolderAlertView.m in Sources */,
				441B4F2315C01BB400801A8D /* MDConfirmDeleteAlertView.m in Sources */,
				441B4F2415C01BB400801A8D /* MDNonSelectedActionSheet.m in Sources */,
				441B4F2515C01BB400801A8D /* MDRenameAlertView.m in Sources */,
				441B4F2615C01BB400801A8D /* MDSelectedActionSheet.m in Sources */,
				442CF31915D34C550056FB61 /* MDLicenseAgreementViewController.m in Sources */,
			);
			runOnlyForDeploymentPostprocessing = 0;
		};
/* End PBXSourcesBuildPhase section */

/* Begin PBXVariantGroup section */
		449430A4158EB4C000ADAE89 /* InfoPlist.strings */ = {
			isa = PBXVariantGroup;
			children = (
				449430A5158EB4C000ADAE89 /* en */,
			);
			name = InfoPlist.strings;
			sourceTree = "<group>";
		};
		449430AD158EB4C100ADAE89 /* MainStoryboard.storyboard */ = {
			isa = PBXVariantGroup;
			children = (
				449430AE158EB4C100ADAE89 /* en */,
			);
			name = MainStoryboard.storyboard;
			sourceTree = "<group>";
		};
/* End PBXVariantGroup section */

/* Begin XCBuildConfiguration section */
		449430B3158EB4C100ADAE89 /* Debug */ = {
			isa = XCBuildConfiguration;
			buildSettings = {
				ALWAYS_SEARCH_USER_PATHS = NO;
				ARCHS = "$(ARCHS_STANDARD_32_BIT)";
				CLANG_ENABLE_OBJC_ARC = YES;
				"CODE_SIGN_IDENTITY[sdk=iphoneos*]" = "iPhone Developer";
				COPY_PHASE_STRIP = NO;
				GCC_C_LANGUAGE_STANDARD = gnu99;
				GCC_DYNAMIC_NO_PIC = NO;
				GCC_OPTIMIZATION_LEVEL = 0;
				GCC_PREPROCESSOR_DEFINITIONS = (
					"DEBUG=1",
					"$(inherited)",
				);
				GCC_SYMBOLS_PRIVATE_EXTERN = NO;
				GCC_VERSION = com.apple.compilers.llvm.clang.1_0;
				GCC_WARN_ABOUT_RETURN_TYPE = YES;
				GCC_WARN_UNINITIALIZED_AUTOS = YES;
				GCC_WARN_UNUSED_VARIABLE = YES;
				IPHONEOS_DEPLOYMENT_TARGET = 5.1;
				SDKROOT = iphoneos;
			};
			name = Debug;
		};
		449430B4158EB4C100ADAE89 /* Release */ = {
			isa = XCBuildConfiguration;
			buildSettings = {
				ALWAYS_SEARCH_USER_PATHS = NO;
				ARCHS = "$(ARCHS_STANDARD_32_BIT)";
				CLANG_ENABLE_OBJC_ARC = YES;
				"CODE_SIGN_IDENTITY[sdk=iphoneos*]" = "iPhone Developer";
				COPY_PHASE_STRIP = YES;
				GCC_C_LANGUAGE_STANDARD = gnu99;
				GCC_VERSION = com.apple.compilers.llvm.clang.1_0;
				GCC_WARN_ABOUT_RETURN_TYPE = YES;
				GCC_WARN_UNINITIALIZED_AUTOS = YES;
				GCC_WARN_UNUSED_VARIABLE = YES;
				IPHONEOS_DEPLOYMENT_TARGET = 5.1;
				OTHER_CFLAGS = "-DNS_BLOCK_ASSERTIONS=1";
				SDKROOT = iphoneos;
				VALIDATE_PRODUCT = YES;
			};
			name = Release;
		};
		449430B6158EB4C100ADAE89 /* Debug */ = {
			isa = XCBuildConfiguration;
			buildSettings = {
				"CODE_SIGN_IDENTITY[sdk=iphoneos*]" = "iPhone Developer: Hung Ming-Chun (MKN8B3GSZ7)";
				GCC_PRECOMPILE_PREFIX_HEADER = YES;
				GCC_PREFIX_HEADER = "MobileDisk/MobileDisk-Prefix.pch";
				GCC_PREPROCESSOR_DEFINITIONS = "$(inherited)";
				GCC_PREPROCESSOR_DEFINITIONS_NOT_USED_IN_PRECOMPS = "$(inherited)";
				IBSC_OTHER_FLAGS = "";
				INFOPLIST_FILE = "MobileDisk/MobileDisk-Info.plist";
				OTHER_CFLAGS = "";
				OTHER_LDFLAGS = "-all_load";
				PRODUCT_NAME = "$(TARGET_NAME)";
				"PROVISIONING_PROFILE[sdk=iphoneos*]" = "E176F02B-857F-4EC7-803B-A67F71BB3275";
				RUN_CLANG_STATIC_ANALYZER = YES;
				WRAPPER_EXTENSION = app;
			};
			name = Debug;
		};
		449430B7158EB4C100ADAE89 /* Release */ = {
			isa = XCBuildConfiguration;
			buildSettings = {
				GCC_PRECOMPILE_PREFIX_HEADER = YES;
				GCC_PREFIX_HEADER = "MobileDisk/MobileDisk-Prefix.pch";
				GCC_PREPROCESSOR_DEFINITIONS = "$(inherited)";
				GCC_PREPROCESSOR_DEFINITIONS_NOT_USED_IN_PRECOMPS = "$(inherited)";
				IBSC_OTHER_FLAGS = "";
				INFOPLIST_FILE = "MobileDisk/MobileDisk-Info.plist";
				OTHER_CFLAGS = "-DNS_BLOCK_ASSERTIONS=1";
				OTHER_LDFLAGS = "-all_load";
				PRODUCT_NAME = "$(TARGET_NAME)";
				RUN_CLANG_STATIC_ANALYZER = YES;
				WRAPPER_EXTENSION = app;
			};
			name = Release;
		};
/* End XCBuildConfiguration section */

/* Begin XCConfigurationList section */
		44943091158EB4C000ADAE89 /* Build configuration list for PBXProject "MobileDisk" */ = {
			isa = XCConfigurationList;
			buildConfigurations = (
				449430B3158EB4C100ADAE89 /* Debug */,
				449430B4158EB4C100ADAE89 /* Release */,
			);
			defaultConfigurationIsVisible = 0;
			defaultConfigurationName = Release;
		};
		449430B5158EB4C100ADAE89 /* Build configuration list for PBXNativeTarget "MobileDisk" */ = {
			isa = XCConfigurationList;
			buildConfigurations = (
				449430B6158EB4C100ADAE89 /* Debug */,
				449430B7158EB4C100ADAE89 /* Release */,
			);
			defaultConfigurationIsVisible = 0;
			defaultConfigurationName = Release;
		};
/* End XCConfigurationList section */
	};
	rootObject = 4494308E158EB4C000ADAE89 /* Project object */;
}
