// !$*UTF8*$!
{
	archiveVersion = 1;
	classes = {
	};
	objectVersion = 46;
	objects = {

/* Begin PBXBuildFile section */
		441AB991159C646B00BAAA19 /* MDScrollView.m in Sources */ = {isa = PBXBuildFile; fileRef = 441AB990159C646B00BAAA19 /* MDScrollView.m */; };
		443ACE081592F395008B4DF2 /* MDFilesNavigationController.m in Sources */ = {isa = PBXBuildFile; fileRef = 443ACE071592F395008B4DF2 /* MDFilesNavigationController.m */; };
		443ACE0B1592F52E008B4DF2 /* MDFilesViewController.m in Sources */ = {isa = PBXBuildFile; fileRef = 443ACE0A1592F52E008B4DF2 /* MDFilesViewController.m */; };
		443ACE0E1593018D008B4DF2 /* MDFiles.m in Sources */ = {isa = PBXBuildFile; fileRef = 443ACE0D1593018D008B4DF2 /* MDFiles.m */; };
		443D004C159410CD008CCCBE /* MDFilesTableViewCell.m in Sources */ = {isa = PBXBuildFile; fileRef = 443D004B159410CD008CCCBE /* MDFilesTableViewCell.m */; };
		443D00501594219C008CCCBE /* IsSelected.png in Resources */ = {isa = PBXBuildFile; fileRef = 443D004E1594219C008CCCBE /* IsSelected.png */; };
		443D00511594219C008CCCBE /* NotSelected.png in Resources */ = {isa = PBXBuildFile; fileRef = 443D004F1594219C008CCCBE /* NotSelected.png */; };
		4440BB621591A9740073BBAA /* MDSettingsViewController.m in Sources */ = {isa = PBXBuildFile; fileRef = 4440BB611591A9740073BBAA /* MDSettingsViewController.m */; };
		4440BB721591B8360073BBAA /* IPResolver.m in Sources */ = {isa = PBXBuildFile; fileRef = 4440BB711591B8360073BBAA /* IPResolver.m */; };
		444FF9D4159AA0770033BB3B /* MobileDiskInfo.plist in Resources */ = {isa = PBXBuildFile; fileRef = 444FF9D3159AA0770033BB3B /* MobileDiskInfo.plist */; };
		444FF9D6159AB6120033BB3B /* MobileCoreServices.framework in Frameworks */ = {isa = PBXBuildFile; fileRef = 444FF9D5159AB6120033BB3B /* MobileCoreServices.framework */; };
		444FF9DA159AD45F0033BB3B /* MDFileSupporter.m in Sources */ = {isa = PBXBuildFile; fileRef = 444FF9D9159AD45F0033BB3B /* MDFileSupporter.m */; };
		444FF9E3159B2BF70033BB3B /* MDPDFViewController.m in Sources */ = {isa = PBXBuildFile; fileRef = 444FF9E2159B2BF70033BB3B /* MDPDFViewController.m */; };
		445D13ED1599391300B7D777 /* MDMoveFilesViewController.m in Sources */ = {isa = PBXBuildFile; fileRef = 445D13EC1599391300B7D777 /* MDMoveFilesViewController.m */; };
		445D13F115993AAB00B7D777 /* MDMoveFilesNavigationController.m in Sources */ = {isa = PBXBuildFile; fileRef = 445D13F015993AAB00B7D777 /* MDMoveFilesNavigationController.m */; };
		445D13F81599A7FE00B7D777 /* MDRenameAlertView.m in Sources */ = {isa = PBXBuildFile; fileRef = 445D13F71599A7FE00B7D777 /* MDRenameAlertView.m */; };
		445D13FB1599AF1300B7D777 /* MDAddFolderAlertView.m in Sources */ = {isa = PBXBuildFile; fileRef = 445D13FA1599AF1300B7D777 /* MDAddFolderAlertView.m */; };
		445D13FE1599B50200B7D777 /* MDNonSelectedActionSheet.m in Sources */ = {isa = PBXBuildFile; fileRef = 445D13FD1599B50200B7D777 /* MDNonSelectedActionSheet.m */; };
		445D14011599BB4800B7D777 /* MDSelectedActionSheet.m in Sources */ = {isa = PBXBuildFile; fileRef = 445D14001599BB4800B7D777 /* MDSelectedActionSheet.m */; };
		447CD7EC159C04AE00464D28 /* MDImageViewerController.m in Sources */ = {isa = PBXBuildFile; fileRef = 447CD7EB159C04AE00464D28 /* MDImageViewerController.m */; };
		447CD7EF159C37A700464D28 /* UIImage+Resize.m in Sources */ = {isa = PBXBuildFile; fileRef = 447CD7EE159C37A700464D28 /* UIImage+Resize.m */; };
		4494309C158EB4C000ADAE89 /* UIKit.framework in Frameworks */ = {isa = PBXBuildFile; fileRef = 4494309B158EB4C000ADAE89 /* UIKit.framework */; };
		4494309E158EB4C000ADAE89 /* Foundation.framework in Frameworks */ = {isa = PBXBuildFile; fileRef = 4494309D158EB4C000ADAE89 /* Foundation.framework */; };
		449430A0158EB4C000ADAE89 /* CoreGraphics.framework in Frameworks */ = {isa = PBXBuildFile; fileRef = 4494309F158EB4C000ADAE89 /* CoreGraphics.framework */; };
		449430A6158EB4C000ADAE89 /* InfoPlist.strings in Resources */ = {isa = PBXBuildFile; fileRef = 449430A4158EB4C000ADAE89 /* InfoPlist.strings */; };
		449430A8158EB4C000ADAE89 /* main.m in Sources */ = {isa = PBXBuildFile; fileRef = 449430A7158EB4C000ADAE89 /* main.m */; };
		449430AC158EB4C100ADAE89 /* MobileDiskAppDelegate.m in Sources */ = {isa = PBXBuildFile; fileRef = 449430AB158EB4C100ADAE89 /* MobileDiskAppDelegate.m */; };
		449430AF158EB4C100ADAE89 /* MainStoryboard.storyboard in Resources */ = {isa = PBXBuildFile; fileRef = 449430AD158EB4C100ADAE89 /* MainStoryboard.storyboard */; };
		449430B2158EB4C100ADAE89 /* MobileDiskViewController.m in Sources */ = {isa = PBXBuildFile; fileRef = 449430B1158EB4C100ADAE89 /* MobileDiskViewController.m */; };
		449430C0158EB57D00ADAE89 /* GCDAsyncSocket.m in Sources */ = {isa = PBXBuildFile; fileRef = 449430BF158EB57D00ADAE89 /* GCDAsyncSocket.m */; };
		449430F6158EB8AD00ADAE89 /* DDData.m in Sources */ = {isa = PBXBuildFile; fileRef = 449430D3158EB8AD00ADAE89 /* DDData.m */; };
		449430F7158EB8AD00ADAE89 /* DDNumber.m in Sources */ = {isa = PBXBuildFile; fileRef = 449430D5158EB8AD00ADAE89 /* DDNumber.m */; };
		449430F8158EB8AD00ADAE89 /* DDRange.m in Sources */ = {isa = PBXBuildFile; fileRef = 449430D7158EB8AD00ADAE89 /* DDRange.m */; };
		449430F9158EB8AD00ADAE89 /* HTTPAuthenticationRequest.m in Sources */ = {isa = PBXBuildFile; fileRef = 449430D9158EB8AD00ADAE89 /* HTTPAuthenticationRequest.m */; };
		449430FA158EB8AD00ADAE89 /* HTTPConnection.m in Sources */ = {isa = PBXBuildFile; fileRef = 449430DB158EB8AD00ADAE89 /* HTTPConnection.m */; };
		449430FB158EB8AD00ADAE89 /* HTTPMessage.m in Sources */ = {isa = PBXBuildFile; fileRef = 449430DE158EB8AD00ADAE89 /* HTTPMessage.m */; };
		449430FC158EB8AD00ADAE89 /* HTTPServer.m in Sources */ = {isa = PBXBuildFile; fileRef = 449430E1158EB8AD00ADAE89 /* HTTPServer.m */; };
		449430FD158EB8AD00ADAE89 /* MultipartFormDataParser.m in Sources */ = {isa = PBXBuildFile; fileRef = 449430E4158EB8AD00ADAE89 /* MultipartFormDataParser.m */; };
		449430FE158EB8AD00ADAE89 /* MultipartMessageHeader.m in Sources */ = {isa = PBXBuildFile; fileRef = 449430E6158EB8AD00ADAE89 /* MultipartMessageHeader.m */; };
		449430FF158EB8AD00ADAE89 /* MultipartMessageHeaderField.m in Sources */ = {isa = PBXBuildFile; fileRef = 449430E8158EB8AD00ADAE89 /* MultipartMessageHeaderField.m */; };
		44943100158EB8AD00ADAE89 /* HTTPAsyncFileResponse.m in Sources */ = {isa = PBXBuildFile; fileRef = 449430EB158EB8AD00ADAE89 /* HTTPAsyncFileResponse.m */; };
		44943101158EB8AD00ADAE89 /* HTTPDataResponse.m in Sources */ = {isa = PBXBuildFile; fileRef = 449430ED158EB8AD00ADAE89 /* HTTPDataResponse.m */; };
		44943102158EB8AD00ADAE89 /* HTTPDynamicFileResponse.m in Sources */ = {isa = PBXBuildFile; fileRef = 449430EF158EB8AD00ADAE89 /* HTTPDynamicFileResponse.m */; };
		44943103158EB8AD00ADAE89 /* HTTPFileResponse.m in Sources */ = {isa = PBXBuildFile; fileRef = 449430F1158EB8AD00ADAE89 /* HTTPFileResponse.m */; };
		44943104158EB8AD00ADAE89 /* HTTPRedirectResponse.m in Sources */ = {isa = PBXBuildFile; fileRef = 449430F3158EB8AD00ADAE89 /* HTTPRedirectResponse.m */; };
		44943105158EB8AD00ADAE89 /* WebSocket.m in Sources */ = {isa = PBXBuildFile; fileRef = 449430F5158EB8AD00ADAE89 /* WebSocket.m */; };
		44943110158EBB3A00ADAE89 /* DDAbstractDatabaseLogger.m in Sources */ = {isa = PBXBuildFile; fileRef = 44943107158EBB3900ADAE89 /* DDAbstractDatabaseLogger.m */; };
		44943111158EBB3A00ADAE89 /* DDASLLogger.m in Sources */ = {isa = PBXBuildFile; fileRef = 44943109158EBB3900ADAE89 /* DDASLLogger.m */; };
		44943112158EBB3A00ADAE89 /* DDFileLogger.m in Sources */ = {isa = PBXBuildFile; fileRef = 4494310B158EBB3900ADAE89 /* DDFileLogger.m */; };
		44943113158EBB3A00ADAE89 /* DDLog.m in Sources */ = {isa = PBXBuildFile; fileRef = 4494310D158EBB3900ADAE89 /* DDLog.m */; };
		44943114158EBB3A00ADAE89 /* DDTTYLogger.m in Sources */ = {isa = PBXBuildFile; fileRef = 4494310F158EBB3A00ADAE89 /* DDTTYLogger.m */; };
		4494311B158EBBC500ADAE89 /* CFNetwork.framework in Frameworks */ = {isa = PBXBuildFile; fileRef = 4494311A158EBBC500ADAE89 /* CFNetwork.framework */; };
		4494311D158EBBCB00ADAE89 /* Security.framework in Frameworks */ = {isa = PBXBuildFile; fileRef = 4494311C158EBBCB00ADAE89 /* Security.framework */; };
		44943133158F245A00ADAE89 /* index.html in Resources */ = {isa = PBXBuildFile; fileRef = 44943132158F245A00ADAE89 /* index.html */; };
		4494313B158F29B900ADAE89 /* MDHTTPConnection.m in Sources */ = {isa = PBXBuildFile; fileRef = 4494313A158F29B900ADAE89 /* MDHTTPConnection.m */; };
/* End PBXBuildFile section */

/* Begin PBXFileReference section */
		441AB98F159C646B00BAAA19 /* MDScrollView.h */ = {isa = PBXFileReference; fileEncoding = 4; lastKnownFileType = sourcecode.c.h; path = MDScrollView.h; sourceTree = "<group>"; };
		441AB990159C646B00BAAA19 /* MDScrollView.m */ = {isa = PBXFileReference; fileEncoding = 4; lastKnownFileType = sourcecode.c.objc; path = MDScrollView.m; sourceTree = "<group>"; };
		443ACE061592F395008B4DF2 /* MDFilesNavigationController.h */ = {isa = PBXFileReference; fileEncoding = 4; lastKnownFileType = sourcecode.c.h; path = MDFilesNavigationController.h; sourceTree = "<group>"; };
		443ACE071592F395008B4DF2 /* MDFilesNavigationController.m */ = {isa = PBXFileReference; fileEncoding = 4; lastKnownFileType = sourcecode.c.objc; path = MDFilesNavigationController.m; sourceTree = "<group>"; };
		443ACE091592F52E008B4DF2 /* MDFilesViewController.h */ = {isa = PBXFileReference; fileEncoding = 4; lastKnownFileType = sourcecode.c.h; path = MDFilesViewController.h; sourceTree = "<group>"; };
		443ACE0A1592F52E008B4DF2 /* MDFilesViewController.m */ = {isa = PBXFileReference; fileEncoding = 4; lastKnownFileType = sourcecode.c.objc; path = MDFilesViewController.m; sourceTree = "<group>"; };
		443ACE0C1593018D008B4DF2 /* MDFiles.h */ = {isa = PBXFileReference; fileEncoding = 4; lastKnownFileType = sourcecode.c.h; path = MDFiles.h; sourceTree = "<group>"; };
		443ACE0D1593018D008B4DF2 /* MDFiles.m */ = {isa = PBXFileReference; fileEncoding = 4; lastKnownFileType = sourcecode.c.objc; path = MDFiles.m; sourceTree = "<group>"; };
		443D004A159410CD008CCCBE /* MDFilesTableViewCell.h */ = {isa = PBXFileReference; fileEncoding = 4; lastKnownFileType = sourcecode.c.h; path = MDFilesTableViewCell.h; sourceTree = "<group>"; };
		443D004B159410CD008CCCBE /* MDFilesTableViewCell.m */ = {isa = PBXFileReference; fileEncoding = 4; lastKnownFileType = sourcecode.c.objc; path = MDFilesTableViewCell.m; sourceTree = "<group>"; };
		443D004E1594219C008CCCBE /* IsSelected.png */ = {isa = PBXFileReference; lastKnownFileType = image.png; path = IsSelected.png; sourceTree = "<group>"; };
		443D004F1594219C008CCCBE /* NotSelected.png */ = {isa = PBXFileReference; lastKnownFileType = image.png; path = NotSelected.png; sourceTree = "<group>"; };
		4440BB601591A9740073BBAA /* MDSettingsViewController.h */ = {isa = PBXFileReference; fileEncoding = 4; lastKnownFileType = sourcecode.c.h; path = MDSettingsViewController.h; sourceTree = "<group>"; };
		4440BB611591A9740073BBAA /* MDSettingsViewController.m */ = {isa = PBXFileReference; fileEncoding = 4; lastKnownFileType = sourcecode.c.objc; path = MDSettingsViewController.m; sourceTree = "<group>"; };
		4440BB701591B8360073BBAA /* IPResolver.h */ = {isa = PBXFileReference; fileEncoding = 4; lastKnownFileType = sourcecode.c.h; path = IPResolver.h; sourceTree = "<group>"; };
		4440BB711591B8360073BBAA /* IPResolver.m */ = {isa = PBXFileReference; fileEncoding = 4; lastKnownFileType = sourcecode.c.objc; path = IPResolver.m; sourceTree = "<group>"; };
		444FF9D3159AA0770033BB3B /* MobileDiskInfo.plist */ = {isa = PBXFileReference; fileEncoding = 4; lastKnownFileType = text.plist.xml; path = MobileDiskInfo.plist; sourceTree = "<group>"; };
		444FF9D5159AB6120033BB3B /* MobileCoreServices.framework */ = {isa = PBXFileReference; lastKnownFileType = wrapper.framework; name = MobileCoreServices.framework; path = System/Library/Frameworks/MobileCoreServices.framework; sourceTree = SDKROOT; };
		444FF9D8159AD45F0033BB3B /* MDFileSupporter.h */ = {isa = PBXFileReference; fileEncoding = 4; lastKnownFileType = sourcecode.c.h; path = MDFileSupporter.h; sourceTree = "<group>"; };
		444FF9D9159AD45F0033BB3B /* MDFileSupporter.m */ = {isa = PBXFileReference; fileEncoding = 4; lastKnownFileType = sourcecode.c.objc; path = MDFileSupporter.m; sourceTree = "<group>"; };
		444FF9E1159B2BF70033BB3B /* MDPDFViewController.h */ = {isa = PBXFileReference; fileEncoding = 4; lastKnownFileType = sourcecode.c.h; path = MDPDFViewController.h; sourceTree = "<group>"; };
		444FF9E2159B2BF70033BB3B /* MDPDFViewController.m */ = {isa = PBXFileReference; fileEncoding = 4; lastKnownFileType = sourcecode.c.objc; path = MDPDFViewController.m; sourceTree = "<group>"; };
		445D13EB1599391300B7D777 /* MDMoveFilesViewController.h */ = {isa = PBXFileReference; fileEncoding = 4; lastKnownFileType = sourcecode.c.h; path = MDMoveFilesViewController.h; sourceTree = "<group>"; };
		445D13EC1599391300B7D777 /* MDMoveFilesViewController.m */ = {isa = PBXFileReference; fileEncoding = 4; lastKnownFileType = sourcecode.c.objc; path = MDMoveFilesViewController.m; sourceTree = "<group>"; };
		445D13EF15993AAB00B7D777 /* MDMoveFilesNavigationController.h */ = {isa = PBXFileReference; fileEncoding = 4; lastKnownFileType = sourcecode.c.h; path = MDMoveFilesNavigationController.h; sourceTree = "<group>"; };
		445D13F015993AAB00B7D777 /* MDMoveFilesNavigationController.m */ = {isa = PBXFileReference; fileEncoding = 4; lastKnownFileType = sourcecode.c.objc; path = MDMoveFilesNavigationController.m; sourceTree = "<group>"; };
		445D13F61599A7FE00B7D777 /* MDRenameAlertView.h */ = {isa = PBXFileReference; fileEncoding = 4; lastKnownFileType = sourcecode.c.h; path = MDRenameAlertView.h; sourceTree = "<group>"; };
		445D13F71599A7FE00B7D777 /* MDRenameAlertView.m */ = {isa = PBXFileReference; fileEncoding = 4; lastKnownFileType = sourcecode.c.objc; path = MDRenameAlertView.m; sourceTree = "<group>"; };
		445D13F91599AF1300B7D777 /* MDAddFolderAlertView.h */ = {isa = PBXFileReference; fileEncoding = 4; lastKnownFileType = sourcecode.c.h; path = MDAddFolderAlertView.h; sourceTree = "<group>"; };
		445D13FA1599AF1300B7D777 /* MDAddFolderAlertView.m */ = {isa = PBXFileReference; fileEncoding = 4; lastKnownFileType = sourcecode.c.objc; path = MDAddFolderAlertView.m; sourceTree = "<group>"; };
		445D13FC1599B50200B7D777 /* MDNonSelectedActionSheet.h */ = {isa = PBXFileReference; fileEncoding = 4; lastKnownFileType = sourcecode.c.h; path = MDNonSelectedActionSheet.h; sourceTree = "<group>"; };
		445D13FD1599B50200B7D777 /* MDNonSelectedActionSheet.m */ = {isa = PBXFileReference; fileEncoding = 4; lastKnownFileType = sourcecode.c.objc; path = MDNonSelectedActionSheet.m; sourceTree = "<group>"; };
		445D13FF1599BB4800B7D777 /* MDSelectedActionSheet.h */ = {isa = PBXFileReference; fileEncoding = 4; lastKnownFileType = sourcecode.c.h; path = MDSelectedActionSheet.h; sourceTree = "<group>"; };
		445D14001599BB4800B7D777 /* MDSelectedActionSheet.m */ = {isa = PBXFileReference; fileEncoding = 4; lastKnownFileType = sourcecode.c.objc; path = MDSelectedActionSheet.m; sourceTree = "<group>"; };
		447CD7EA159C04AE00464D28 /* MDImageViewerController.h */ = {isa = PBXFileReference; fileEncoding = 4; lastKnownFileType = sourcecode.c.h; path = MDImageViewerController.h; sourceTree = "<group>"; };
		447CD7EB159C04AE00464D28 /* MDImageViewerController.m */ = {isa = PBXFileReference; fileEncoding = 4; lastKnownFileType = sourcecode.c.objc; path = MDImageViewerController.m; sourceTree = "<group>"; };
		447CD7ED159C37A700464D28 /* UIImage+Resize.h */ = {isa = PBXFileReference; fileEncoding = 4; lastKnownFileType = sourcecode.c.h; path = "UIImage+Resize.h"; sourceTree = "<group>"; };
		447CD7EE159C37A700464D28 /* UIImage+Resize.m */ = {isa = PBXFileReference; fileEncoding = 4; lastKnownFileType = sourcecode.c.objc; path = "UIImage+Resize.m"; sourceTree = "<group>"; };
		44943097158EB4C000ADAE89 /* MobileDisk.app */ = {isa = PBXFileReference; explicitFileType = wrapper.application; includeInIndex = 0; path = MobileDisk.app; sourceTree = BUILT_PRODUCTS_DIR; };
		4494309B158EB4C000ADAE89 /* UIKit.framework */ = {isa = PBXFileReference; lastKnownFileType = wrapper.framework; name = UIKit.framework; path = System/Library/Frameworks/UIKit.framework; sourceTree = SDKROOT; };
		4494309D158EB4C000ADAE89 /* Foundation.framework */ = {isa = PBXFileReference; lastKnownFileType = wrapper.framework; name = Foundation.framework; path = System/Library/Frameworks/Foundation.framework; sourceTree = SDKROOT; };
		4494309F158EB4C000ADAE89 /* CoreGraphics.framework */ = {isa = PBXFileReference; lastKnownFileType = wrapper.framework; name = CoreGraphics.framework; path = System/Library/Frameworks/CoreGraphics.framework; sourceTree = SDKROOT; };
		449430A3158EB4C000ADAE89 /* MobileDisk-Info.plist */ = {isa = PBXFileReference; lastKnownFileType = text.plist.xml; path = "MobileDisk-Info.plist"; sourceTree = "<group>"; };
		449430A5158EB4C000ADAE89 /* en */ = {isa = PBXFileReference; lastKnownFileType = text.plist.strings; name = en; path = en.lproj/InfoPlist.strings; sourceTree = "<group>"; };
		449430A7158EB4C000ADAE89 /* main.m */ = {isa = PBXFileReference; lastKnownFileType = sourcecode.c.objc; path = main.m; sourceTree = "<group>"; };
		449430A9158EB4C000ADAE89 /* MobileDisk-Prefix.pch */ = {isa = PBXFileReference; lastKnownFileType = sourcecode.c.h; path = "MobileDisk-Prefix.pch"; sourceTree = "<group>"; };
		449430AA158EB4C000ADAE89 /* MobileDiskAppDelegate.h */ = {isa = PBXFileReference; lastKnownFileType = sourcecode.c.h; path = MobileDiskAppDelegate.h; sourceTree = "<group>"; };
		449430AB158EB4C100ADAE89 /* MobileDiskAppDelegate.m */ = {isa = PBXFileReference; lastKnownFileType = sourcecode.c.objc; path = MobileDiskAppDelegate.m; sourceTree = "<group>"; };
		449430AE158EB4C100ADAE89 /* en */ = {isa = PBXFileReference; lastKnownFileType = file.storyboard; name = en; path = en.lproj/MainStoryboard.storyboard; sourceTree = "<group>"; };
		449430B0158EB4C100ADAE89 /* MobileDiskViewController.h */ = {isa = PBXFileReference; lastKnownFileType = sourcecode.c.h; path = MobileDiskViewController.h; sourceTree = "<group>"; };
		449430B1158EB4C100ADAE89 /* MobileDiskViewController.m */ = {isa = PBXFileReference; lastKnownFileType = sourcecode.c.objc; path = MobileDiskViewController.m; sourceTree = "<group>"; };
		449430BE158EB57D00ADAE89 /* GCDAsyncSocket.h */ = {isa = PBXFileReference; fileEncoding = 4; lastKnownFileType = sourcecode.c.h; path = GCDAsyncSocket.h; sourceTree = "<group>"; };
		449430BF158EB57D00ADAE89 /* GCDAsyncSocket.m */ = {isa = PBXFileReference; fileEncoding = 4; lastKnownFileType = sourcecode.c.objc; path = GCDAsyncSocket.m; sourceTree = "<group>"; };
		449430D2158EB8AD00ADAE89 /* DDData.h */ = {isa = PBXFileReference; fileEncoding = 4; lastKnownFileType = sourcecode.c.h; path = DDData.h; sourceTree = "<group>"; };
		449430D3158EB8AD00ADAE89 /* DDData.m */ = {isa = PBXFileReference; fileEncoding = 4; lastKnownFileType = sourcecode.c.objc; path = DDData.m; sourceTree = "<group>"; };
		449430D4158EB8AD00ADAE89 /* DDNumber.h */ = {isa = PBXFileReference; fileEncoding = 4; lastKnownFileType = sourcecode.c.h; path = DDNumber.h; sourceTree = "<group>"; };
		449430D5158EB8AD00ADAE89 /* DDNumber.m */ = {isa = PBXFileReference; fileEncoding = 4; lastKnownFileType = sourcecode.c.objc; path = DDNumber.m; sourceTree = "<group>"; };
		449430D6158EB8AD00ADAE89 /* DDRange.h */ = {isa = PBXFileReference; fileEncoding = 4; lastKnownFileType = sourcecode.c.h; path = DDRange.h; sourceTree = "<group>"; };
		449430D7158EB8AD00ADAE89 /* DDRange.m */ = {isa = PBXFileReference; fileEncoding = 4; lastKnownFileType = sourcecode.c.objc; path = DDRange.m; sourceTree = "<group>"; };
		449430D8158EB8AD00ADAE89 /* HTTPAuthenticationRequest.h */ = {isa = PBXFileReference; fileEncoding = 4; lastKnownFileType = sourcecode.c.h; path = HTTPAuthenticationRequest.h; sourceTree = "<group>"; };
		449430D9158EB8AD00ADAE89 /* HTTPAuthenticationRequest.m */ = {isa = PBXFileReference; fileEncoding = 4; lastKnownFileType = sourcecode.c.objc; path = HTTPAuthenticationRequest.m; sourceTree = "<group>"; };
		449430DA158EB8AD00ADAE89 /* HTTPConnection.h */ = {isa = PBXFileReference; fileEncoding = 4; lastKnownFileType = sourcecode.c.h; path = HTTPConnection.h; sourceTree = "<group>"; };
		449430DB158EB8AD00ADAE89 /* HTTPConnection.m */ = {isa = PBXFileReference; fileEncoding = 4; lastKnownFileType = sourcecode.c.objc; path = HTTPConnection.m; sourceTree = "<group>"; };
		449430DC158EB8AD00ADAE89 /* HTTPLogging.h */ = {isa = PBXFileReference; fileEncoding = 4; lastKnownFileType = sourcecode.c.h; path = HTTPLogging.h; sourceTree = "<group>"; };
		449430DD158EB8AD00ADAE89 /* HTTPMessage.h */ = {isa = PBXFileReference; fileEncoding = 4; lastKnownFileType = sourcecode.c.h; path = HTTPMessage.h; sourceTree = "<group>"; };
		449430DE158EB8AD00ADAE89 /* HTTPMessage.m */ = {isa = PBXFileReference; fileEncoding = 4; lastKnownFileType = sourcecode.c.objc; path = HTTPMessage.m; sourceTree = "<group>"; };
		449430DF158EB8AD00ADAE89 /* HTTPResponse.h */ = {isa = PBXFileReference; fileEncoding = 4; lastKnownFileType = sourcecode.c.h; path = HTTPResponse.h; sourceTree = "<group>"; };
		449430E0158EB8AD00ADAE89 /* HTTPServer.h */ = {isa = PBXFileReference; fileEncoding = 4; lastKnownFileType = sourcecode.c.h; path = HTTPServer.h; sourceTree = "<group>"; };
		449430E1158EB8AD00ADAE89 /* HTTPServer.m */ = {isa = PBXFileReference; fileEncoding = 4; lastKnownFileType = sourcecode.c.objc; path = HTTPServer.m; sourceTree = "<group>"; };
		449430E3158EB8AD00ADAE89 /* MultipartFormDataParser.h */ = {isa = PBXFileReference; fileEncoding = 4; lastKnownFileType = sourcecode.c.h; path = MultipartFormDataParser.h; sourceTree = "<group>"; };
		449430E4158EB8AD00ADAE89 /* MultipartFormDataParser.m */ = {isa = PBXFileReference; fileEncoding = 4; lastKnownFileType = sourcecode.c.objc; path = MultipartFormDataParser.m; sourceTree = "<group>"; };
		449430E5158EB8AD00ADAE89 /* MultipartMessageHeader.h */ = {isa = PBXFileReference; fileEncoding = 4; lastKnownFileType = sourcecode.c.h; path = MultipartMessageHeader.h; sourceTree = "<group>"; };
		449430E6158EB8AD00ADAE89 /* MultipartMessageHeader.m */ = {isa = PBXFileReference; fileEncoding = 4; lastKnownFileType = sourcecode.c.objc; path = MultipartMessageHeader.m; sourceTree = "<group>"; };
		449430E7158EB8AD00ADAE89 /* MultipartMessageHeaderField.h */ = {isa = PBXFileReference; fileEncoding = 4; lastKnownFileType = sourcecode.c.h; path = MultipartMessageHeaderField.h; sourceTree = "<group>"; };
		449430E8158EB8AD00ADAE89 /* MultipartMessageHeaderField.m */ = {isa = PBXFileReference; fileEncoding = 4; lastKnownFileType = sourcecode.c.objc; path = MultipartMessageHeaderField.m; sourceTree = "<group>"; };
		449430EA158EB8AD00ADAE89 /* HTTPAsyncFileResponse.h */ = {isa = PBXFileReference; fileEncoding = 4; lastKnownFileType = sourcecode.c.h; path = HTTPAsyncFileResponse.h; sourceTree = "<group>"; };
		449430EB158EB8AD00ADAE89 /* HTTPAsyncFileResponse.m */ = {isa = PBXFileReference; fileEncoding = 4; lastKnownFileType = sourcecode.c.objc; path = HTTPAsyncFileResponse.m; sourceTree = "<group>"; };
		449430EC158EB8AD00ADAE89 /* HTTPDataResponse.h */ = {isa = PBXFileReference; fileEncoding = 4; lastKnownFileType = sourcecode.c.h; path = HTTPDataResponse.h; sourceTree = "<group>"; };
		449430ED158EB8AD00ADAE89 /* HTTPDataResponse.m */ = {isa = PBXFileReference; fileEncoding = 4; lastKnownFileType = sourcecode.c.objc; path = HTTPDataResponse.m; sourceTree = "<group>"; };
		449430EE158EB8AD00ADAE89 /* HTTPDynamicFileResponse.h */ = {isa = PBXFileReference; fileEncoding = 4; lastKnownFileType = sourcecode.c.h; path = HTTPDynamicFileResponse.h; sourceTree = "<group>"; };
		449430EF158EB8AD00ADAE89 /* HTTPDynamicFileResponse.m */ = {isa = PBXFileReference; fileEncoding = 4; lastKnownFileType = sourcecode.c.objc; path = HTTPDynamicFileResponse.m; sourceTree = "<group>"; };
		449430F0158EB8AD00ADAE89 /* HTTPFileResponse.h */ = {isa = PBXFileReference; fileEncoding = 4; lastKnownFileType = sourcecode.c.h; path = HTTPFileResponse.h; sourceTree = "<group>"; };
		449430F1158EB8AD00ADAE89 /* HTTPFileResponse.m */ = {isa = PBXFileReference; fileEncoding = 4; lastKnownFileType = sourcecode.c.objc; path = HTTPFileResponse.m; sourceTree = "<group>"; };
		449430F2158EB8AD00ADAE89 /* HTTPRedirectResponse.h */ = {isa = PBXFileReference; fileEncoding = 4; lastKnownFileType = sourcecode.c.h; path = HTTPRedirectResponse.h; sourceTree = "<group>"; };
		449430F3158EB8AD00ADAE89 /* HTTPRedirectResponse.m */ = {isa = PBXFileReference; fileEncoding = 4; lastKnownFileType = sourcecode.c.objc; path = HTTPRedirectResponse.m; sourceTree = "<group>"; };
		449430F4158EB8AD00ADAE89 /* WebSocket.h */ = {isa = PBXFileReference; fileEncoding = 4; lastKnownFileType = sourcecode.c.h; path = WebSocket.h; sourceTree = "<group>"; };
		449430F5158EB8AD00ADAE89 /* WebSocket.m */ = {isa = PBXFileReference; fileEncoding = 4; lastKnownFileType = sourcecode.c.objc; path = WebSocket.m; sourceTree = "<group>"; };
		44943106158EBB3900ADAE89 /* DDAbstractDatabaseLogger.h */ = {isa = PBXFileReference; fileEncoding = 4; lastKnownFileType = sourcecode.c.h; path = DDAbstractDatabaseLogger.h; sourceTree = "<group>"; };
		44943107158EBB3900ADAE89 /* DDAbstractDatabaseLogger.m */ = {isa = PBXFileReference; fileEncoding = 4; lastKnownFileType = sourcecode.c.objc; path = DDAbstractDatabaseLogger.m; sourceTree = "<group>"; };
		44943108158EBB3900ADAE89 /* DDASLLogger.h */ = {isa = PBXFileReference; fileEncoding = 4; lastKnownFileType = sourcecode.c.h; path = DDASLLogger.h; sourceTree = "<group>"; };
		44943109158EBB3900ADAE89 /* DDASLLogger.m */ = {isa = PBXFileReference; fileEncoding = 4; lastKnownFileType = sourcecode.c.objc; path = DDASLLogger.m; sourceTree = "<group>"; };
		4494310A158EBB3900ADAE89 /* DDFileLogger.h */ = {isa = PBXFileReference; fileEncoding = 4; lastKnownFileType = sourcecode.c.h; path = DDFileLogger.h; sourceTree = "<group>"; };
		4494310B158EBB3900ADAE89 /* DDFileLogger.m */ = {isa = PBXFileReference; fileEncoding = 4; lastKnownFileType = sourcecode.c.objc; path = DDFileLogger.m; sourceTree = "<group>"; };
		4494310C158EBB3900ADAE89 /* DDLog.h */ = {isa = PBXFileReference; fileEncoding = 4; lastKnownFileType = sourcecode.c.h; path = DDLog.h; sourceTree = "<group>"; };
		4494310D158EBB3900ADAE89 /* DDLog.m */ = {isa = PBXFileReference; fileEncoding = 4; lastKnownFileType = sourcecode.c.objc; path = DDLog.m; sourceTree = "<group>"; };
		4494310E158EBB3900ADAE89 /* DDTTYLogger.h */ = {isa = PBXFileReference; fileEncoding = 4; lastKnownFileType = sourcecode.c.h; path = DDTTYLogger.h; sourceTree = "<group>"; };
		4494310F158EBB3A00ADAE89 /* DDTTYLogger.m */ = {isa = PBXFileReference; fileEncoding = 4; lastKnownFileType = sourcecode.c.objc; path = DDTTYLogger.m; sourceTree = "<group>"; };
		4494311A158EBBC500ADAE89 /* CFNetwork.framework */ = {isa = PBXFileReference; lastKnownFileType = wrapper.framework; name = CFNetwork.framework; path = System/Library/Frameworks/CFNetwork.framework; sourceTree = SDKROOT; };
		4494311C158EBBCB00ADAE89 /* Security.framework */ = {isa = PBXFileReference; lastKnownFileType = wrapper.framework; name = Security.framework; path = System/Library/Frameworks/Security.framework; sourceTree = SDKROOT; };
		44943132158F245A00ADAE89 /* index.html */ = {isa = PBXFileReference; fileEncoding = 4; lastKnownFileType = text.html; path = index.html; sourceTree = "<group>"; };
		44943139158F29B900ADAE89 /* MDHTTPConnection.h */ = {isa = PBXFileReference; fileEncoding = 4; lastKnownFileType = sourcecode.c.h; path = MDHTTPConnection.h; sourceTree = "<group>"; };
		4494313A158F29B900ADAE89 /* MDHTTPConnection.m */ = {isa = PBXFileReference; fileEncoding = 4; lastKnownFileType = sourcecode.c.objc; path = MDHTTPConnection.m; sourceTree = "<group>"; };
/* End PBXFileReference section */

/* Begin PBXFrameworksBuildPhase section */
		44943094158EB4C000ADAE89 /* Frameworks */ = {
			isa = PBXFrameworksBuildPhase;
			buildActionMask = 2147483647;
			files = (
				444FF9D6159AB6120033BB3B /* MobileCoreServices.framework in Frameworks */,
				4494311D158EBBCB00ADAE89 /* Security.framework in Frameworks */,
				4494311B158EBBC500ADAE89 /* CFNetwork.framework in Frameworks */,
				4494309C158EB4C000ADAE89 /* UIKit.framework in Frameworks */,
				4494309E158EB4C000ADAE89 /* Foundation.framework in Frameworks */,
				449430A0158EB4C000ADAE89 /* CoreGraphics.framework in Frameworks */,
			);
			runOnlyForDeploymentPostprocessing = 0;
		};
/* End PBXFrameworksBuildPhase section */

/* Begin PBXGroup section */
		443ACDFE1592EF76008B4DF2 /* Files */ = {
			isa = PBXGroup;
			children = (
				443ACE061592F395008B4DF2 /* MDFilesNavigationController.h */,
				443ACE071592F395008B4DF2 /* MDFilesNavigationController.m */,
				443ACE091592F52E008B4DF2 /* MDFilesViewController.h */,
				443ACE0A1592F52E008B4DF2 /* MDFilesViewController.m */,
				443ACE0C1593018D008B4DF2 /* MDFiles.h */,
				443ACE0D1593018D008B4DF2 /* MDFiles.m */,
				443D004A159410CD008CCCBE /* MDFilesTableViewCell.h */,
				443D004B159410CD008CCCBE /* MDFilesTableViewCell.m */,
				445D13EB1599391300B7D777 /* MDMoveFilesViewController.h */,
				445D13EC1599391300B7D777 /* MDMoveFilesViewController.m */,
				445D13EF15993AAB00B7D777 /* MDMoveFilesNavigationController.h */,
				445D13F015993AAB00B7D777 /* MDMoveFilesNavigationController.m */,
			);
			name = Files;
			sourceTree = "<group>";
		};
		4440BB5E1591A9190073BBAA /* Settings */ = {
			isa = PBXGroup;
			children = (
				4440BB601591A9740073BBAA /* MDSettingsViewController.h */,
				4440BB611591A9740073BBAA /* MDSettingsViewController.m */,
			);
			name = Settings;
			sourceTree = "<group>";
		};
		4440BB6F1591B8010073BBAA /* IP-Resolver */ = {
			isa = PBXGroup;
			children = (
				4440BB701591B8360073BBAA /* IPResolver.h */,
				4440BB711591B8360073BBAA /* IPResolver.m */,
			);
			name = "IP-Resolver";
			sourceTree = "<group>";
		};
		444FF9CF159A9FC60033BB3B /* SupportedFilePlist */ = {
			isa = PBXGroup;
			children = (
				444FF9D3159AA0770033BB3B /* MobileDiskInfo.plist */,
			);
			name = SupportedFilePlist;
			sourceTree = "<group>";
		};
		444FF9D7159AD4200033BB3B /* FileSupporter */ = {
			isa = PBXGroup;
			children = (
				444FF9D8159AD45F0033BB3B /* MDFileSupporter.h */,
				444FF9D9159AD45F0033BB3B /* MDFileSupporter.m */,
			);
			name = FileSupporter;
			sourceTree = "<group>";
		};
		444FF9E0159B2BCD0033BB3B /* PDFViewer */ = {
			isa = PBXGroup;
			children = (
				444FF9E1159B2BF70033BB3B /* MDPDFViewController.h */,
				444FF9E2159B2BF70033BB3B /* MDPDFViewController.m */,
			);
			name = PDFViewer;
			sourceTree = "<group>";
		};
		445D13F21599A75A00B7D777 /* Actions */ = {
			isa = PBXGroup;
			children = (
				445D13F61599A7FE00B7D777 /* MDRenameAlertView.h */,
				445D13F71599A7FE00B7D777 /* MDRenameAlertView.m */,
				445D13F91599AF1300B7D777 /* MDAddFolderAlertView.h */,
				445D13FA1599AF1300B7D777 /* MDAddFolderAlertView.m */,
				445D13FC1599B50200B7D777 /* MDNonSelectedActionSheet.h */,
				445D13FD1599B50200B7D777 /* MDNonSelectedActionSheet.m */,
				445D13FF1599BB4800B7D777 /* MDSelectedActionSheet.h */,
				445D14001599BB4800B7D777 /* MDSelectedActionSheet.m */,
			);
			name = Actions;
			sourceTree = "<group>";
		};
		447CD7E8159C047600464D28 /* ImageViewer */ = {
			isa = PBXGroup;
			children = (
				447CD7EA159C04AE00464D28 /* MDImageViewerController.h */,
				447CD7EB159C04AE00464D28 /* MDImageViewerController.m */,
				447CD7ED159C37A700464D28 /* UIImage+Resize.h */,
				447CD7EE159C37A700464D28 /* UIImage+Resize.m */,
				441AB98F159C646B00BAAA19 /* MDScrollView.h */,
				441AB990159C646B00BAAA19 /* MDScrollView.m */,
			);
			name = ImageViewer;
			sourceTree = "<group>";
		};
		4494308C158EB4C000ADAE89 = {
			isa = PBXGroup;
			children = (
				449430A1158EB4C000ADAE89 /* MobileDisk */,
				4494309A158EB4C000ADAE89 /* Frameworks */,
				44943098158EB4C000ADAE89 /* Products */,
			);
			sourceTree = "<group>";
		};
		44943098158EB4C000ADAE89 /* Products */ = {
			isa = PBXGroup;
			children = (
				44943097158EB4C000ADAE89 /* MobileDisk.app */,
			);
			name = Products;
			sourceTree = "<group>";
		};
		4494309A158EB4C000ADAE89 /* Frameworks */ = {
			isa = PBXGroup;
			children = (
				444FF9D5159AB6120033BB3B /* MobileCoreServices.framework */,
				4494311C158EBBCB00ADAE89 /* Security.framework */,
				4494311A158EBBC500ADAE89 /* CFNetwork.framework */,
				4494309B158EB4C000ADAE89 /* UIKit.framework */,
				4494309D158EB4C000ADAE89 /* Foundation.framework */,
				4494309F158EB4C000ADAE89 /* CoreGraphics.framework */,
			);
			name = Frameworks;
			sourceTree = "<group>";
		};
		449430A1158EB4C000ADAE89 /* MobileDisk */ = {
			isa = PBXGroup;
			children = (
				447CD7E8159C047600464D28 /* ImageViewer */,
				444FF9E0159B2BCD0033BB3B /* PDFViewer */,
				444FF9D7159AD4200033BB3B /* FileSupporter */,
				445D13F21599A75A00B7D777 /* Actions */,
				443ACDFE1592EF76008B4DF2 /* Files */,
				4440BB5E1591A9190073BBAA /* Settings */,
				449430AA158EB4C000ADAE89 /* MobileDiskAppDelegate.h */,
				449430AB158EB4C100ADAE89 /* MobileDiskAppDelegate.m */,
				449430AD158EB4C100ADAE89 /* MainStoryboard.storyboard */,
				449430B0158EB4C100ADAE89 /* MobileDiskViewController.h */,
				449430B1158EB4C100ADAE89 /* MobileDiskViewController.m */,
				449430B8158EB4E500ADAE89 /* HttpServer */,
				449430A2158EB4C000ADAE89 /* Supporting Files */,
			);
			path = MobileDisk;
			sourceTree = "<group>";
		};
		449430A2158EB4C000ADAE89 /* Supporting Files */ = {
			isa = PBXGroup;
			children = (
				444FF9CF159A9FC60033BB3B /* SupportedFilePlist */,
				443D004E1594219C008CCCBE /* IsSelected.png */,
				443D004F1594219C008CCCBE /* NotSelected.png */,
				44943132158F245A00ADAE89 /* index.html */,
				449430A3158EB4C000ADAE89 /* MobileDisk-Info.plist */,
				449430A4158EB4C000ADAE89 /* InfoPlist.strings */,
				449430A7158EB4C000ADAE89 /* main.m */,
				449430A9158EB4C000ADAE89 /* MobileDisk-Prefix.pch */,
			);
			name = "Supporting Files";
			sourceTree = "<group>";
		};
		449430B8158EB4E500ADAE89 /* HttpServer */ = {
			isa = PBXGroup;
			children = (
				4440BB6F1591B8010073BBAA /* IP-Resolver */,
				44943138158F296900ADAE89 /* CustomHTTPConnection */,
				44943115158EBB6700ADAE89 /* Logging */,
				449430D1158EB8AD00ADAE89 /* Categories */,
				449430D8158EB8AD00ADAE89 /* HTTPAuthenticationRequest.h */,
				449430D9158EB8AD00ADAE89 /* HTTPAuthenticationRequest.m */,
				449430DA158EB8AD00ADAE89 /* HTTPConnection.h */,
				449430DB158EB8AD00ADAE89 /* HTTPConnection.m */,
				449430DC158EB8AD00ADAE89 /* HTTPLogging.h */,
				449430DD158EB8AD00ADAE89 /* HTTPMessage.h */,
				449430DE158EB8AD00ADAE89 /* HTTPMessage.m */,
				449430DF158EB8AD00ADAE89 /* HTTPResponse.h */,
				449430E0158EB8AD00ADAE89 /* HTTPServer.h */,
				449430E1158EB8AD00ADAE89 /* HTTPServer.m */,
				449430E2158EB8AD00ADAE89 /* Mime */,
				449430E9158EB8AD00ADAE89 /* Responses */,
				449430F4158EB8AD00ADAE89 /* WebSocket.h */,
				449430F5158EB8AD00ADAE89 /* WebSocket.m */,
				449430BD158EB55C00ADAE89 /* TCP */,
			);
			name = HttpServer;
			sourceTree = "<group>";
		};
		449430BD158EB55C00ADAE89 /* TCP */ = {
			isa = PBXGroup;
			children = (
				449430BE158EB57D00ADAE89 /* GCDAsyncSocket.h */,
				449430BF158EB57D00ADAE89 /* GCDAsyncSocket.m */,
			);
			name = TCP;
			sourceTree = "<group>";
		};
		449430D1158EB8AD00ADAE89 /* Categories */ = {
			isa = PBXGroup;
			children = (
				449430D2158EB8AD00ADAE89 /* DDData.h */,
				449430D3158EB8AD00ADAE89 /* DDData.m */,
				449430D4158EB8AD00ADAE89 /* DDNumber.h */,
				449430D5158EB8AD00ADAE89 /* DDNumber.m */,
				449430D6158EB8AD00ADAE89 /* DDRange.h */,
				449430D7158EB8AD00ADAE89 /* DDRange.m */,
			);
			path = Categories;
			sourceTree = "<group>";
		};
		449430E2158EB8AD00ADAE89 /* Mime */ = {
			isa = PBXGroup;
			children = (
				449430E3158EB8AD00ADAE89 /* MultipartFormDataParser.h */,
				449430E4158EB8AD00ADAE89 /* MultipartFormDataParser.m */,
				449430E5158EB8AD00ADAE89 /* MultipartMessageHeader.h */,
				449430E6158EB8AD00ADAE89 /* MultipartMessageHeader.m */,
				449430E7158EB8AD00ADAE89 /* MultipartMessageHeaderField.h */,
				449430E8158EB8AD00ADAE89 /* MultipartMessageHeaderField.m */,
			);
			path = Mime;
			sourceTree = "<group>";
		};
		449430E9158EB8AD00ADAE89 /* Responses */ = {
			isa = PBXGroup;
			children = (
				449430EA158EB8AD00ADAE89 /* HTTPAsyncFileResponse.h */,
				449430EB158EB8AD00ADAE89 /* HTTPAsyncFileResponse.m */,
				449430EC158EB8AD00ADAE89 /* HTTPDataResponse.h */,
				449430ED158EB8AD00ADAE89 /* HTTPDataResponse.m */,
				449430EE158EB8AD00ADAE89 /* HTTPDynamicFileResponse.h */,
				449430EF158EB8AD00ADAE89 /* HTTPDynamicFileResponse.m */,
				449430F0158EB8AD00ADAE89 /* HTTPFileResponse.h */,
				449430F1158EB8AD00ADAE89 /* HTTPFileResponse.m */,
				449430F2158EB8AD00ADAE89 /* HTTPRedirectResponse.h */,
				449430F3158EB8AD00ADAE89 /* HTTPRedirectResponse.m */,
			);
			path = Responses;
			sourceTree = "<group>";
		};
		44943115158EBB6700ADAE89 /* Logging */ = {
			isa = PBXGroup;
			children = (
				44943106158EBB3900ADAE89 /* DDAbstractDatabaseLogger.h */,
				44943107158EBB3900ADAE89 /* DDAbstractDatabaseLogger.m */,
				44943108158EBB3900ADAE89 /* DDASLLogger.h */,
				44943109158EBB3900ADAE89 /* DDASLLogger.m */,
				4494310A158EBB3900ADAE89 /* DDFileLogger.h */,
				4494310B158EBB3900ADAE89 /* DDFileLogger.m */,
				4494310C158EBB3900ADAE89 /* DDLog.h */,
				4494310D158EBB3900ADAE89 /* DDLog.m */,
				4494310E158EBB3900ADAE89 /* DDTTYLogger.h */,
				4494310F158EBB3A00ADAE89 /* DDTTYLogger.m */,
			);
			name = Logging;
			sourceTree = "<group>";
		};
		44943138158F296900ADAE89 /* CustomHTTPConnection */ = {
			isa = PBXGroup;
			children = (
				44943139158F29B900ADAE89 /* MDHTTPConnection.h */,
				4494313A158F29B900ADAE89 /* MDHTTPConnection.m */,
			);
			name = CustomHTTPConnection;
			sourceTree = "<group>";
		};
/* End PBXGroup section */

/* Begin PBXNativeTarget section */
		44943096158EB4C000ADAE89 /* MobileDisk */ = {
			isa = PBXNativeTarget;
			buildConfigurationList = 449430B5158EB4C100ADAE89 /* Build configuration list for PBXNativeTarget "MobileDisk" */;
			buildPhases = (
				44943093158EB4C000ADAE89 /* Sources */,
				44943094158EB4C000ADAE89 /* Frameworks */,
				44943095158EB4C000ADAE89 /* Resources */,
			);
			buildRules = (
			);
			dependencies = (
			);
			name = MobileDisk;
			productName = MobileDisk;
			productReference = 44943097158EB4C000ADAE89 /* MobileDisk.app */;
			productType = "com.apple.product-type.application";
		};
/* End PBXNativeTarget section */

/* Begin PBXProject section */
		4494308E158EB4C000ADAE89 /* Project object */ = {
			isa = PBXProject;
			attributes = {
				CLASSPREFIX = MobileDisk;
				LastUpgradeCheck = 0430;
			};
			buildConfigurationList = 44943091158EB4C000ADAE89 /* Build configuration list for PBXProject "MobileDisk" */;
			compatibilityVersion = "Xcode 3.2";
			developmentRegion = English;
			hasScannedForEncodings = 0;
			knownRegions = (
				en,
			);
			mainGroup = 4494308C158EB4C000ADAE89;
			productRefGroup = 44943098158EB4C000ADAE89 /* Products */;
			projectDirPath = "";
			projectRoot = "";
			targets = (
				44943096158EB4C000ADAE89 /* MobileDisk */,
			);
		};
/* End PBXProject section */

/* Begin PBXResourcesBuildPhase section */
		44943095158EB4C000ADAE89 /* Resources */ = {
			isa = PBXResourcesBuildPhase;
			buildActionMask = 2147483647;
			files = (
				449430A6158EB4C000ADAE89 /* InfoPlist.strings in Resources */,
				449430AF158EB4C100ADAE89 /* MainStoryboard.storyboard in Resources */,
				44943133158F245A00ADAE89 /* index.html in Resources */,
				443D00501594219C008CCCBE /* IsSelected.png in Resources */,
				443D00511594219C008CCCBE /* NotSelected.png in Resources */,
				444FF9D4159AA0770033BB3B /* MobileDiskInfo.plist in Resources */,
			);
			runOnlyForDeploymentPostprocessing = 0;
		};
/* End PBXResourcesBuildPhase section */

/* Begin PBXSourcesBuildPhase section */
		44943093158EB4C000ADAE89 /* Sources */ = {
			isa = PBXSourcesBuildPhase;
			buildActionMask = 2147483647;
			files = (
				449430A8158EB4C000ADAE89 /* main.m in Sources */,
				449430AC158EB4C100ADAE89 /* MobileDiskAppDelegate.m in Sources */,
				449430B2158EB4C100ADAE89 /* MobileDiskViewController.m in Sources */,
				449430C0158EB57D00ADAE89 /* GCDAsyncSocket.m in Sources */,
				449430F6158EB8AD00ADAE89 /* DDData.m in Sources */,
				449430F7158EB8AD00ADAE89 /* DDNumber.m in Sources */,
				449430F8158EB8AD00ADAE89 /* DDRange.m in Sources */,
				449430F9158EB8AD00ADAE89 /* HTTPAuthenticationRequest.m in Sources */,
				449430FA158EB8AD00ADAE89 /* HTTPConnection.m in Sources */,
				449430FB158EB8AD00ADAE89 /* HTTPMessage.m in Sources */,
				449430FC158EB8AD00ADAE89 /* HTTPServer.m in Sources */,
				449430FD158EB8AD00ADAE89 /* MultipartFormDataParser.m in Sources */,
				449430FE158EB8AD00ADAE89 /* MultipartMessageHeader.m in Sources */,
				449430FF158EB8AD00ADAE89 /* MultipartMessageHeaderField.m in Sources */,
				44943100158EB8AD00ADAE89 /* HTTPAsyncFileResponse.m in Sources */,
				44943101158EB8AD00ADAE89 /* HTTPDataResponse.m in Sources */,
				44943102158EB8AD00ADAE89 /* HTTPDynamicFileResponse.m in Sources */,
				44943103158EB8AD00ADAE89 /* HTTPFileResponse.m in Sources */,
				44943104158EB8AD00ADAE89 /* HTTPRedirectResponse.m in Sources */,
				44943105158EB8AD00ADAE89 /* WebSocket.m in Sources */,
				44943110158EBB3A00ADAE89 /* DDAbstractDatabaseLogger.m in Sources */,
				44943111158EBB3A00ADAE89 /* DDASLLogger.m in Sources */,
				44943112158EBB3A00ADAE89 /* DDFileLogger.m in Sources */,
				44943113158EBB3A00ADAE89 /* DDLog.m in Sources */,
				44943114158EBB3A00ADAE89 /* DDTTYLogger.m in Sources */,
				4494313B158F29B900ADAE89 /* MDHTTPConnection.m in Sources */,
				4440BB621591A9740073BBAA /* MDSettingsViewController.m in Sources */,
				4440BB721591B8360073BBAA /* IPResolver.m in Sources */,
				443ACE081592F395008B4DF2 /* MDFilesNavigationController.m in Sources */,
				443ACE0B1592F52E008B4DF2 /* MDFilesViewController.m in Sources */,
				443ACE0E1593018D008B4DF2 /* MDFiles.m in Sources */,
				443D004C159410CD008CCCBE /* MDFilesTableViewCell.m in Sources */,
				445D13ED1599391300B7D777 /* MDMoveFilesViewController.m in Sources */,
				445D13F115993AAB00B7D777 /* MDMoveFilesNavigationController.m in Sources */,
				445D13F81599A7FE00B7D777 /* MDRenameAlertView.m in Sources */,
				445D13FB1599AF1300B7D777 /* MDAddFolderAlertView.m in Sources */,
				445D13FE1599B50200B7D777 /* MDNonSelectedActionSheet.m in Sources */,
				445D14011599BB4800B7D777 /* MDSelectedActionSheet.m in Sources */,
				444FF9DA159AD45F0033BB3B /* MDFileSupporter.m in Sources */,
				444FF9E3159B2BF70033BB3B /* MDPDFViewController.m in Sources */,
				447CD7EC159C04AE00464D28 /* MDImageViewerController.m in Sources */,
				447CD7EF159C37A700464D28 /* UIImage+Resize.m in Sources */,
				441AB991159C646B00BAAA19 /* MDScrollView.m in Sources */,
			);
			runOnlyForDeploymentPostprocessing = 0;
		};
/* End PBXSourcesBuildPhase section */

/* Begin PBXVariantGroup section */
		449430A4158EB4C000ADAE89 /* InfoPlist.strings */ = {
			isa = PBXVariantGroup;
			children = (
				449430A5158EB4C000ADAE89 /* en */,
			);
			name = InfoPlist.strings;
			sourceTree = "<group>";
		};
		449430AD158EB4C100ADAE89 /* MainStoryboard.storyboard */ = {
			isa = PBXVariantGroup;
			children = (
				449430AE158EB4C100ADAE89 /* en */,
			);
			name = MainStoryboard.storyboard;
			sourceTree = "<group>";
		};
/* End PBXVariantGroup section */

/* Begin XCBuildConfiguration section */
		449430B3158EB4C100ADAE89 /* Debug */ = {
			isa = XCBuildConfiguration;
			buildSettings = {
				ALWAYS_SEARCH_USER_PATHS = NO;
				ARCHS = "$(ARCHS_STANDARD_32_BIT)";
				CLANG_ENABLE_OBJC_ARC = YES;
				"CODE_SIGN_IDENTITY[sdk=iphoneos*]" = "iPhone Developer";
				COPY_PHASE_STRIP = NO;
				GCC_C_LANGUAGE_STANDARD = gnu99;
				GCC_DYNAMIC_NO_PIC = NO;
				GCC_OPTIMIZATION_LEVEL = 0;
				GCC_PREPROCESSOR_DEFINITIONS = (
					"DEBUG=1",
					"$(inherited)",
				);
				GCC_SYMBOLS_PRIVATE_EXTERN = NO;
				GCC_VERSION = com.apple.compilers.llvm.clang.1_0;
				GCC_WARN_ABOUT_RETURN_TYPE = YES;
				GCC_WARN_UNINITIALIZED_AUTOS = YES;
				GCC_WARN_UNUSED_VARIABLE = YES;
				IPHONEOS_DEPLOYMENT_TARGET = 5.1;
				SDKROOT = iphoneos;
			};
			name = Debug;
		};
		449430B4158EB4C100ADAE89 /* Release */ = {
			isa = XCBuildConfiguration;
			buildSettings = {
				ALWAYS_SEARCH_USER_PATHS = NO;
				ARCHS = "$(ARCHS_STANDARD_32_BIT)";
				CLANG_ENABLE_OBJC_ARC = YES;
				"CODE_SIGN_IDENTITY[sdk=iphoneos*]" = "iPhone Developer";
				COPY_PHASE_STRIP = YES;
				GCC_C_LANGUAGE_STANDARD = gnu99;
				GCC_VERSION = com.apple.compilers.llvm.clang.1_0;
				GCC_WARN_ABOUT_RETURN_TYPE = YES;
				GCC_WARN_UNINITIALIZED_AUTOS = YES;
				GCC_WARN_UNUSED_VARIABLE = YES;
				IPHONEOS_DEPLOYMENT_TARGET = 5.1;
				OTHER_CFLAGS = "-DNS_BLOCK_ASSERTIONS=1";
				SDKROOT = iphoneos;
				VALIDATE_PRODUCT = YES;
			};
			name = Release;
		};
		449430B6158EB4C100ADAE89 /* Debug */ = {
			isa = XCBuildConfiguration;
			buildSettings = {
				GCC_PRECOMPILE_PREFIX_HEADER = YES;
				GCC_PREFIX_HEADER = "MobileDisk/MobileDisk-Prefix.pch";
				INFOPLIST_FILE = "MobileDisk/MobileDisk-Info.plist";
				PRODUCT_NAME = "$(TARGET_NAME)";
				WRAPPER_EXTENSION = app;
			};
			name = Debug;
		};
		449430B7158EB4C100ADAE89 /* Release */ = {
			isa = XCBuildConfiguration;
			buildSettings = {
				GCC_PRECOMPILE_PREFIX_HEADER = YES;
				GCC_PREFIX_HEADER = "MobileDisk/MobileDisk-Prefix.pch";
				INFOPLIST_FILE = "MobileDisk/MobileDisk-Info.plist";
				PRODUCT_NAME = "$(TARGET_NAME)";
				WRAPPER_EXTENSION = app;
			};
			name = Release;
		};
/* End XCBuildConfiguration section */

/* Begin XCConfigurationList section */
		44943091158EB4C000ADAE89 /* Build configuration list for PBXProject "MobileDisk" */ = {
			isa = XCConfigurationList;
			buildConfigurations = (
				449430B3158EB4C100ADAE89 /* Debug */,
				449430B4158EB4C100ADAE89 /* Release */,
			);
			defaultConfigurationIsVisible = 0;
			defaultConfigurationName = Release;
		};
		449430B5158EB4C100ADAE89 /* Build configuration list for PBXNativeTarget "MobileDisk" */ = {
			isa = XCConfigurationList;
			buildConfigurations = (
				449430B6158EB4C100ADAE89 /* Debug */,
				449430B7158EB4C100ADAE89 /* Release */,
			);
			defaultConfigurationIsVisible = 0;
			defaultConfigurationName = Release;
		};
/* End XCConfigurationList section */
	};
	rootObject = 4494308E158EB4C000ADAE89 /* Project object */;
}
